// !$*UTF8*$!
{
	archiveVersion = 1;
	classes = {
	};
	objectVersion = 52;
	objects = {

/* Begin PBXBuildFile section */
		9F00428923E9FB2600961636 /* BadgeHub.swift in Sources */ = {isa = PBXBuildFile; fileRef = 9F00428823E9FB2600961636 /* BadgeHub.swift */; };
		9F05B5A1232BE4EC00983AF2 /* NoteCollectionViewDetailCell.xib in Resources */ = {isa = PBXBuildFile; fileRef = 9F05B59F232BE4EC00983AF2 /* NoteCollectionViewDetailCell.xib */; };
		9F05B5A3232BF0C800983AF2 /* NoteCollectionViewDetailCell.swift in Sources */ = {isa = PBXBuildFile; fileRef = 9F05B5A2232BF0C800983AF2 /* NoteCollectionViewDetailCell.swift */; };
		9F0ABB282412E5D400CA5A4E /* SKCacheManager.swift in Sources */ = {isa = PBXBuildFile; fileRef = 9F0ABB272412E5D400CA5A4E /* SKCacheManager.swift */; };
		9F0D8565242052E600B8BE2F /* BSImagePicker in Frameworks */ = {isa = PBXBuildFile; productRef = 9F0D8564242052E600B8BE2F /* BSImagePicker */; };
		9F0FC54923760E7600070FA0 /* NoteOptionsTableViewController.swift in Sources */ = {isa = PBXBuildFile; fileRef = 9F0FC54823760E7600070FA0 /* NoteOptionsTableViewController.swift */; };
		9F10EC162347D64C005340AA /* Kingfisher in Frameworks */ = {isa = PBXBuildFile; productRef = 9F10EC152347D64C005340AA /* Kingfisher */; };
		9F10EC192347E4B4005340AA /* SwiftyBeaver in Frameworks */ = {isa = PBXBuildFile; productRef = 9F10EC182347E4B4005340AA /* SwiftyBeaver */; };
		9F18E7A823FB4F1600543D78 /* FolderButton.swift in Sources */ = {isa = PBXBuildFile; fileRef = 9F18E7A723FB4F1600543D78 /* FolderButton.swift */; };
		9F2C00062351123700D53EE9 /* SwiftyJSON in Frameworks */ = {isa = PBXBuildFile; productRef = 9F2C00052351123700D53EE9 /* SwiftyJSON */; };
		9F2C00092351126800D53EE9 /* Alamofire in Frameworks */ = {isa = PBXBuildFile; productRef = 9F2C00082351126800D53EE9 /* Alamofire */; };
		9F3424022407197000A92B98 /* HiddenDocumentsViewController.swift in Sources */ = {isa = PBXBuildFile; fileRef = 9F3424012407197000A92B98 /* HiddenDocumentsViewController.swift */; };
		9F4B38BD23EA3D8500F87B61 /* ReceivedNoteCollectionViewCell.swift in Sources */ = {isa = PBXBuildFile; fileRef = 9F4B38BC23EA3D8500F87B61 /* ReceivedNoteCollectionViewCell.swift */; };
		9F4B38BF23EA3EE200F87B61 /* ReceivedNotesViewController.swift in Sources */ = {isa = PBXBuildFile; fileRef = 9F4B38BE23EA3EE200F87B61 /* ReceivedNotesViewController.swift */; };
		9F4B38C123EA41C900F87B61 /* ReceivedNotesController.swift in Sources */ = {isa = PBXBuildFile; fileRef = 9F4B38C023EA41C900F87B61 /* ReceivedNotesController.swift */; };
		9F4B38C323EB1E6D00F87B61 /* Notifications.swift in Sources */ = {isa = PBXBuildFile; fileRef = 9F4B38C223EB1E6D00F87B61 /* Notifications.swift */; };
		9F4B38C523EC76F400F87B61 /* DocumentPreviewViewController.swift in Sources */ = {isa = PBXBuildFile; fileRef = 9F4B38C423EC76F400F87B61 /* DocumentPreviewViewController.swift */; };
		9F4D2336239C1FDB0078B364 /* UIColorExtensions.swift in Sources */ = {isa = PBXBuildFile; fileRef = 9F4D2335239C1FDB0078B364 /* UIColorExtensions.swift */; };
		9F4D2338239C22FD0078B364 /* OtherExtensions.swift in Sources */ = {isa = PBXBuildFile; fileRef = 9F4D2337239C22FD0078B364 /* OtherExtensions.swift */; };
		9F509144235BE29100853E84 /* DataCompression in Frameworks */ = {isa = PBXBuildFile; productRef = 9F509143235BE29100853E84 /* DataCompression */; };
		9F560FAA240855F700932A55 /* GPUImage in Frameworks */ = {isa = PBXBuildFile; productRef = 9F560FA9240855F700932A55 /* GPUImage */; };
		9F5D80F02332D32600552D58 /* SVGImageProcessorExtension.swift in Sources */ = {isa = PBXBuildFile; fileRef = 9F5D80EF2332D32600552D58 /* SVGImageProcessorExtension.swift */; };
		9F5E89EC2391AF49002FA8B2 /* DocumentsViewController.swift in Sources */ = {isa = PBXBuildFile; fileRef = 9F5E89EB2391AF49002FA8B2 /* DocumentsViewController.swift */; };
		9F5E89EE2391B474002FA8B2 /* DocumentsCollectionReusableView.swift in Sources */ = {isa = PBXBuildFile; fileRef = 9F5E89ED2391B474002FA8B2 /* DocumentsCollectionReusableView.swift */; };
		9F5E89F02391CBA2002FA8B2 /* DocumentViewCell.swift in Sources */ = {isa = PBXBuildFile; fileRef = 9F5E89EF2391CBA2002FA8B2 /* DocumentViewCell.swift */; };
		9F5E89F42391CE84002FA8B2 /* DocumentDetailViewController.swift in Sources */ = {isa = PBXBuildFile; fileRef = 9F5E89F32391CE84002FA8B2 /* DocumentDetailViewController.swift */; };
		9F5F340623AC64E400EB2804 /* Knowledge.swift in Sources */ = {isa = PBXBuildFile; fileRef = 9F5F340523AC64E400EB2804 /* Knowledge.swift */; };
		9F5F5D1524328CC100AF79A5 /* DateExtensions.swift in Sources */ = {isa = PBXBuildFile; fileRef = 9F5F5D1424328CC100AF79A5 /* DateExtensions.swift */; };
		9F65983323EDCEA300CDBE0C /* NoteXPage.swift in Sources */ = {isa = PBXBuildFile; fileRef = 9F65983223EDCEA300CDBE0C /* NoteXPage.swift */; };
		9F65983523EDD09F00CDBE0C /* NoteText.swift in Sources */ = {isa = PBXBuildFile; fileRef = 9F65983423EDD09F00CDBE0C /* NoteText.swift */; };
		9F65983723EDD15C00CDBE0C /* NoteTextElement.swift in Sources */ = {isa = PBXBuildFile; fileRef = 9F65983623EDD15C00CDBE0C /* NoteTextElement.swift */; };
		9F65983923EDD23500CDBE0C /* NoteTextLine.swift in Sources */ = {isa = PBXBuildFile; fileRef = 9F65983823EDD23500CDBE0C /* NoteTextLine.swift */; };
		9F65983B23EDD29300CDBE0C /* NoteTextBlock.swift in Sources */ = {isa = PBXBuildFile; fileRef = 9F65983A23EDD29300CDBE0C /* NoteTextBlock.swift */; };
		9F65983D23EDD2FA00CDBE0C /* NoteTextComplete.swift in Sources */ = {isa = PBXBuildFile; fileRef = 9F65983C23EDD2FA00CDBE0C /* NoteTextComplete.swift */; };
		9F65983F23EDD80B00CDBE0C /* HelpLinesType.swift in Sources */ = {isa = PBXBuildFile; fileRef = 9F65983E23EDD80B00CDBE0C /* HelpLinesType.swift */; };
		9F65984123EE1EE900CDBE0C /* SKFileManager.swift in Sources */ = {isa = PBXBuildFile; fileRef = 9F65984023EE1EE900CDBE0C /* SKFileManager.swift */; };
		9F65984823F315FE00CDBE0C /* SearchFilterCollectionViewCell.swift in Sources */ = {isa = PBXBuildFile; fileRef = 9F65984723F315FE00CDBE0C /* SearchFilterCollectionViewCell.swift */; };
		9F65984B23F3175E00CDBE0C /* SearchViewController.swift in Sources */ = {isa = PBXBuildFile; fileRef = 9F65984A23F3175E00CDBE0C /* SearchViewController.swift */; };
		9F65984D23F3227300CDBE0C /* DrawingSearchViewController.swift in Sources */ = {isa = PBXBuildFile; fileRef = 9F65984C23F3227300CDBE0C /* DrawingSearchViewController.swift */; };
		9F75E448230C368F00488BBD /* NoteSharingViewController.swift in Sources */ = {isa = PBXBuildFile; fileRef = 9F75E447230C368F00488BBD /* NoteSharingViewController.swift */; };
		9F75E44C230C583200488BBD /* NoteCollectionViewCell.swift in Sources */ = {isa = PBXBuildFile; fileRef = 9F75E44A230C583200488BBD /* NoteCollectionViewCell.swift */; };
		9F75E44D230C583200488BBD /* NoteCollectionViewCell.xib in Resources */ = {isa = PBXBuildFile; fileRef = 9F75E44B230C583200488BBD /* NoteCollectionViewCell.xib */; };
		9F75E44F230D848200488BBD /* SettingsViewController.swift in Sources */ = {isa = PBXBuildFile; fileRef = 9F75E44E230D848200488BBD /* SettingsViewController.swift */; };
		9F75E451230D8AE100488BBD /* SettingsManager.swift in Sources */ = {isa = PBXBuildFile; fileRef = 9F75E450230D8AE100488BBD /* SettingsManager.swift */; };
		9F75E482231410A100488BBD /* TAGMEHelper.swift in Sources */ = {isa = PBXBuildFile; fileRef = 9F75E481231410A100488BBD /* TAGMEHelper.swift */; };
		9F75E484231419FA00488BBD /* TAGMEDocument.swift in Sources */ = {isa = PBXBuildFile; fileRef = 9F75E483231419FA00488BBD /* TAGMEDocument.swift */; };
		9F77DBCA23FFD619007C8B7D /* AnnotationUtilities.swift in Sources */ = {isa = PBXBuildFile; fileRef = 9F77DBC923FFD619007C8B7D /* AnnotationUtilities.swift */; };
		9F8551B123A539D9006EB0B1 /* NotePageCollectionViewCell.swift in Sources */ = {isa = PBXBuildFile; fileRef = 9F8551B023A539D9006EB0B1 /* NotePageCollectionViewCell.swift */; };
		9F92D10E231E95B400BC0E57 /* UICollectionViewExtensions.swift in Sources */ = {isa = PBXBuildFile; fileRef = 9F92D10D231E95B400BC0E57 /* UICollectionViewExtensions.swift */; };
		9F92D110231E97DF00BC0E57 /* UserDefaultsExtensions.swift in Sources */ = {isa = PBXBuildFile; fileRef = 9F92D10F231E97DF00BC0E57 /* UserDefaultsExtensions.swift */; };
		9F92D11523202B9900BC0E57 /* KnowledgeGraphHelper.swift in Sources */ = {isa = PBXBuildFile; fileRef = 9F92D11423202B9900BC0E57 /* KnowledgeGraphHelper.swift */; };
		9F92D11A23217CFA00BC0E57 /* SearchFilterView.xib in Resources */ = {isa = PBXBuildFile; fileRef = 9F92D11923217CFA00BC0E57 /* SearchFilterView.xib */; };
		9F92D11C23217D0500BC0E57 /* SearchFilterView.swift in Sources */ = {isa = PBXBuildFile; fileRef = 9F92D11B23217D0500BC0E57 /* SearchFilterView.swift */; };
		9F92D11F23217FFF00BC0E57 /* SearchFilter.swift in Sources */ = {isa = PBXBuildFile; fileRef = 9F92D11E23217FFF00BC0E57 /* SearchFilter.swift */; };
		9F942506238A341E006B0E81 /* UIStoryboardSegueWithCompletion.swift in Sources */ = {isa = PBXBuildFile; fileRef = 9F942505238A341E006B0E81 /* UIStoryboardSegueWithCompletion.swift */; };
		9F9460DF23F5B0460073D709 /* GridView.swift in Sources */ = {isa = PBXBuildFile; fileRef = 9F9460DE23F5B0460073D709 /* GridView.swift */; };
		9F9460E223F5BAA10073D709 /* Connectivity in Frameworks */ = {isa = PBXBuildFile; productRef = 9F9460E123F5BAA10073D709 /* Connectivity */; };
		9F9DAFE0242CB7C100713E75 /* DrawingRecognition.swift in Sources */ = {isa = PBXBuildFile; fileRef = 9F9DAFDF242CB7C100713E75 /* DrawingRecognition.swift */; };
		9FA6238822CEA7FE007ED794 /* MapHelper.swift in Sources */ = {isa = PBXBuildFile; fileRef = 9FA6238722CEA7FE007ED794 /* MapHelper.swift */; };
		9FA6238B22D37213007ED794 /* BioPortalHelper.swift in Sources */ = {isa = PBXBuildFile; fileRef = 9FA6238A22D37213007ED794 /* BioPortalHelper.swift */; };
		9FA6238D22D38AEE007ED794 /* SpotlightHelper.swift in Sources */ = {isa = PBXBuildFile; fileRef = 9FA6238C22D38AEE007ED794 /* SpotlightHelper.swift */; };
		9FA6239322DE30AC007ED794 /* SpotlightDocument.swift in Sources */ = {isa = PBXBuildFile; fileRef = 9FA6239222DE30AC007ED794 /* SpotlightDocument.swift */; };
		9FA6239522DE3741007ED794 /* BioPortalDocument.swift in Sources */ = {isa = PBXBuildFile; fileRef = 9FA6239422DE3741007ED794 /* BioPortalDocument.swift */; };
		9FA6239722DE3806007ED794 /* CHEBIDocument.swift in Sources */ = {isa = PBXBuildFile; fileRef = 9FA6239622DE3806007ED794 /* CHEBIDocument.swift */; };
		9FA6239E22E66D73007ED794 /* HandwritingRecognizer.swift in Sources */ = {isa = PBXBuildFile; fileRef = 9FA6239D22E66D73007ED794 /* HandwritingRecognizer.swift */; };
		9FA8C000239B18BA00BAA42B /* TagsViewController.swift in Sources */ = {isa = PBXBuildFile; fileRef = 9FA8BFFF239B18BA00BAA42B /* TagsViewController.swift */; };
		9FA8C002239B21D500BAA42B /* TagsCreationViewController.swift in Sources */ = {isa = PBXBuildFile; fileRef = 9FA8C001239B21D500BAA42B /* TagsCreationViewController.swift */; };
		9FAA827E236DD45200B2004F /* ViewAnimator in Frameworks */ = {isa = PBXBuildFile; productRef = 9FAA827D236DD45200B2004F /* ViewAnimator */; };
		9FAD28F623A52AC700F2203E /* NoteTextViewController.swift in Sources */ = {isa = PBXBuildFile; fileRef = 9F05BC7E23761C4A00D49A88 /* NoteTextViewController.swift */; };
		9FB9E501237F500B00279F3E /* ShareNoteViewController.swift in Sources */ = {isa = PBXBuildFile; fileRef = 9FB9E500237F500B00279F3E /* ShareNoteViewController.swift */; };
		9FBF6AB422E9F391001FD730 /* VisionTextWrapper.swift in Sources */ = {isa = PBXBuildFile; fileRef = 9FBF6AB322E9F391001FD730 /* VisionTextWrapper.swift */; };
		9FBF6AB622E9F3FE001FD730 /* VisionTextBlockWrapper.swift in Sources */ = {isa = PBXBuildFile; fileRef = 9FBF6AB522E9F3FE001FD730 /* VisionTextBlockWrapper.swift */; };
		9FBF6AB822E9F428001FD730 /* VisionTextLineWrapper.swift in Sources */ = {isa = PBXBuildFile; fileRef = 9FBF6AB722E9F428001FD730 /* VisionTextLineWrapper.swift */; };
		9FBF6ABA22E9F439001FD730 /* VisionTextElementWrapper.swift in Sources */ = {isa = PBXBuildFile; fileRef = 9FBF6AB922E9F439001FD730 /* VisionTextElementWrapper.swift */; };
		9FC02C1C23EDB6290051C576 /* File.swift in Sources */ = {isa = PBXBuildFile; fileRef = 9FC02C1B23EDB6290051C576 /* File.swift */; };
		9FC02C1E23EDB6400051C576 /* NoteX.swift in Sources */ = {isa = PBXBuildFile; fileRef = 9FC02C1D23EDB6400051C576 /* NoteX.swift */; };
		9FC02C2023EDB6520051C576 /* Folder.swift in Sources */ = {isa = PBXBuildFile; fileRef = 9FC02C1F23EDB6520051C576 /* Folder.swift */; };
		9FC114D9243919BD004F576A /* ImagePickerHelper.swift in Sources */ = {isa = PBXBuildFile; fileRef = 9FC114D8243919BD004F576A /* ImagePickerHelper.swift */; };
		9FD1ADF123A52C090013C68E /* NoteViewController.swift in Sources */ = {isa = PBXBuildFile; fileRef = 9FD29C182236DCFC00CC969A /* NoteViewController.swift */; };
		9FD1ADF323A52F7C0013C68E /* NotePagesViewController.swift in Sources */ = {isa = PBXBuildFile; fileRef = 9FD1ADF223A52F7C0013C68E /* NotePagesViewController.swift */; };
		9FD29BA72220524D00CC969A /* AppDelegate.swift in Sources */ = {isa = PBXBuildFile; fileRef = 9FD29BA62220524D00CC969A /* AppDelegate.swift */; };
		9FD29BA92220524D00CC969A /* ViewController.swift in Sources */ = {isa = PBXBuildFile; fileRef = 9FD29BA82220524D00CC969A /* ViewController.swift */; };
		9FD29BAC2220524D00CC969A /* Main.storyboard in Resources */ = {isa = PBXBuildFile; fileRef = 9FD29BAA2220524D00CC969A /* Main.storyboard */; };
		9FD29BAE2220525000CC969A /* Assets.xcassets in Resources */ = {isa = PBXBuildFile; fileRef = 9FD29BAD2220525000CC969A /* Assets.xcassets */; };
		9FD29BB12220525000CC969A /* LaunchScreen.storyboard in Resources */ = {isa = PBXBuildFile; fileRef = 9FD29BAF2220525000CC969A /* LaunchScreen.storyboard */; };
		9FD29BC72224B58600CC969A /* Document.swift in Sources */ = {isa = PBXBuildFile; fileRef = 9FD29BC62224B58600CC969A /* Document.swift */; };
		9FD29C442239525A00CC969A /* GoogleService-Info.plist in Resources */ = {isa = PBXBuildFile; fileRef = 9FD29C432239525900CC969A /* GoogleService-Info.plist */; };
		9FD29C472239588E00CC969A /* UIViewExtensions.swift in Sources */ = {isa = PBXBuildFile; fileRef = 9FD29C462239588E00CC969A /* UIViewExtensions.swift */; };
		9FD29C4E223998BC00CC969A /* UIViewControllerExtensions.swift in Sources */ = {isa = PBXBuildFile; fileRef = 9FD29C4D223998BC00CC969A /* UIViewControllerExtensions.swift */; };
		9FD29C56223C3C3900CC969A /* StringExtensions.swift in Sources */ = {isa = PBXBuildFile; fileRef = 9FD29C55223C3C3900CC969A /* StringExtensions.swift */; };
		9FD29C58223C3CF700CC969A /* UIImageExtensions.swift in Sources */ = {isa = PBXBuildFile; fileRef = 9FD29C57223C3CF700CC969A /* UIImageExtensions.swift */; };
		9FD29C6422431BFA00CC969A /* DrawnImageClassifier.mlmodel in Sources */ = {isa = PBXBuildFile; fileRef = 9FD29C6322431BFA00CC969A /* DrawnImageClassifier.mlmodel */; };
		9FD29C6622431C0000CC969A /* labels.txt in Resources */ = {isa = PBXBuildFile; fileRef = 9FD29C6522431C0000CC969A /* labels.txt */; };
		9FD8BB97243D5BE500542BFA /* ImportHelper.swift in Sources */ = {isa = PBXBuildFile; fileRef = 9FD8BB96243D5BE500542BFA /* ImportHelper.swift */; };
		9FF0AC9224412C5200A82BE8 /* DraggableImageView.swift in Sources */ = {isa = PBXBuildFile; fileRef = 9FF0AC9124412C5200A82BE8 /* DraggableImageView.swift */; };
		9FF0AC9424412F4C00A82BE8 /* NoteImage.swift in Sources */ = {isa = PBXBuildFile; fileRef = 9FF0AC9324412F4C00A82BE8 /* NoteImage.swift */; };
		9FF0AC962441308B00A82BE8 /* CodableExtensions.swift in Sources */ = {isa = PBXBuildFile; fileRef = 9FF0AC952441308B00A82BE8 /* CodableExtensions.swift */; };
		9FFE07E6232A5FE500DBD0AC /* TagTableViewCell.swift in Sources */ = {isa = PBXBuildFile; fileRef = 9FFE07E5232A5FE500DBD0AC /* TagTableViewCell.swift */; };
		9FFE07E8232A622A00DBD0AC /* Tag.swift in Sources */ = {isa = PBXBuildFile; fileRef = 9FFE07E7232A622A00DBD0AC /* Tag.swift */; };
		9FFE07EA232A63BA00DBD0AC /* TagsManager.swift in Sources */ = {isa = PBXBuildFile; fileRef = 9FFE07E9232A63BA00DBD0AC /* TagsManager.swift */; };
		D2A21B26513E1A7C02F6BD40 /* libPods-Sketchnoting.a in Frameworks */ = {isa = PBXBuildFile; fileRef = 2DBAD86A2FDA51F4DEA66F8A /* libPods-Sketchnoting.a */; };
/* End PBXBuildFile section */

/* Begin PBXCopyFilesBuildPhase section */
		9F44580223EA00100057776C /* Embed Frameworks */ = {
			isa = PBXCopyFilesBuildPhase;
			buildActionMask = 2147483647;
			dstPath = "";
			dstSubfolderSpec = 10;
			files = (
			);
			name = "Embed Frameworks";
			runOnlyForDeploymentPostprocessing = 0;
		};
/* End PBXCopyFilesBuildPhase section */

/* Begin PBXFileReference section */
		2DBAD86A2FDA51F4DEA66F8A /* libPods-Sketchnoting.a */ = {isa = PBXFileReference; explicitFileType = archive.ar; includeInIndex = 0; path = "libPods-Sketchnoting.a"; sourceTree = BUILT_PRODUCTS_DIR; };
		6DBA3B8B1161909D0B9A8C86 /* Pods_Sketchnoting.framework */ = {isa = PBXFileReference; explicitFileType = wrapper.framework; includeInIndex = 0; path = Pods_Sketchnoting.framework; sourceTree = BUILT_PRODUCTS_DIR; };
		775C24EF4DB826D48E4192A6 /* Pods-Sketchnoting.release.xcconfig */ = {isa = PBXFileReference; includeInIndex = 1; lastKnownFileType = text.xcconfig; name = "Pods-Sketchnoting.release.xcconfig"; path = "Target Support Files/Pods-Sketchnoting/Pods-Sketchnoting.release.xcconfig"; sourceTree = "<group>"; };
		9F00428823E9FB2600961636 /* BadgeHub.swift */ = {isa = PBXFileReference; lastKnownFileType = sourcecode.swift; path = BadgeHub.swift; sourceTree = "<group>"; };
		9F05B59F232BE4EC00983AF2 /* NoteCollectionViewDetailCell.xib */ = {isa = PBXFileReference; lastKnownFileType = file.xib; path = NoteCollectionViewDetailCell.xib; sourceTree = "<group>"; };
		9F05B5A2232BF0C800983AF2 /* NoteCollectionViewDetailCell.swift */ = {isa = PBXFileReference; lastKnownFileType = sourcecode.swift; path = NoteCollectionViewDetailCell.swift; sourceTree = "<group>"; };
		9F05BC7E23761C4A00D49A88 /* NoteTextViewController.swift */ = {isa = PBXFileReference; lastKnownFileType = sourcecode.swift; path = NoteTextViewController.swift; sourceTree = "<group>"; };
		9F0ABB272412E5D400CA5A4E /* SKCacheManager.swift */ = {isa = PBXFileReference; lastKnownFileType = sourcecode.swift; path = SKCacheManager.swift; sourceTree = "<group>"; };
		9F0FC54823760E7600070FA0 /* NoteOptionsTableViewController.swift */ = {isa = PBXFileReference; lastKnownFileType = sourcecode.swift; path = NoteOptionsTableViewController.swift; sourceTree = "<group>"; };
		9F18E7A723FB4F1600543D78 /* FolderButton.swift */ = {isa = PBXFileReference; lastKnownFileType = sourcecode.swift; path = FolderButton.swift; sourceTree = "<group>"; };
		9F3424012407197000A92B98 /* HiddenDocumentsViewController.swift */ = {isa = PBXFileReference; lastKnownFileType = sourcecode.swift; path = HiddenDocumentsViewController.swift; sourceTree = "<group>"; };
		9F4B38BC23EA3D8500F87B61 /* ReceivedNoteCollectionViewCell.swift */ = {isa = PBXFileReference; lastKnownFileType = sourcecode.swift; path = ReceivedNoteCollectionViewCell.swift; sourceTree = "<group>"; };
		9F4B38BE23EA3EE200F87B61 /* ReceivedNotesViewController.swift */ = {isa = PBXFileReference; lastKnownFileType = sourcecode.swift; path = ReceivedNotesViewController.swift; sourceTree = "<group>"; };
		9F4B38C023EA41C900F87B61 /* ReceivedNotesController.swift */ = {isa = PBXFileReference; lastKnownFileType = sourcecode.swift; path = ReceivedNotesController.swift; sourceTree = "<group>"; };
		9F4B38C223EB1E6D00F87B61 /* Notifications.swift */ = {isa = PBXFileReference; lastKnownFileType = sourcecode.swift; path = Notifications.swift; sourceTree = "<group>"; };
		9F4B38C423EC76F400F87B61 /* DocumentPreviewViewController.swift */ = {isa = PBXFileReference; lastKnownFileType = sourcecode.swift; path = DocumentPreviewViewController.swift; sourceTree = "<group>"; };
		9F4D2335239C1FDB0078B364 /* UIColorExtensions.swift */ = {isa = PBXFileReference; lastKnownFileType = sourcecode.swift; path = UIColorExtensions.swift; sourceTree = "<group>"; };
		9F4D2337239C22FD0078B364 /* OtherExtensions.swift */ = {isa = PBXFileReference; lastKnownFileType = sourcecode.swift; path = OtherExtensions.swift; sourceTree = "<group>"; };
		9F5D80EF2332D32600552D58 /* SVGImageProcessorExtension.swift */ = {isa = PBXFileReference; lastKnownFileType = sourcecode.swift; path = SVGImageProcessorExtension.swift; sourceTree = "<group>"; };
		9F5D8B2B228B9D7000F56FEC /* CREDITS.md */ = {isa = PBXFileReference; lastKnownFileType = net.daringfireball.markdown; path = CREDITS.md; sourceTree = "<group>"; };
		9F5D8B2C228B9EF800F56FEC /* README.md */ = {isa = PBXFileReference; lastKnownFileType = net.daringfireball.markdown; path = README.md; sourceTree = "<group>"; };
		9F5E89EB2391AF49002FA8B2 /* DocumentsViewController.swift */ = {isa = PBXFileReference; lastKnownFileType = sourcecode.swift; path = DocumentsViewController.swift; sourceTree = "<group>"; };
		9F5E89ED2391B474002FA8B2 /* DocumentsCollectionReusableView.swift */ = {isa = PBXFileReference; lastKnownFileType = sourcecode.swift; path = DocumentsCollectionReusableView.swift; sourceTree = "<group>"; };
		9F5E89EF2391CBA2002FA8B2 /* DocumentViewCell.swift */ = {isa = PBXFileReference; lastKnownFileType = sourcecode.swift; path = DocumentViewCell.swift; sourceTree = "<group>"; };
		9F5E89F32391CE84002FA8B2 /* DocumentDetailViewController.swift */ = {isa = PBXFileReference; lastKnownFileType = sourcecode.swift; path = DocumentDetailViewController.swift; sourceTree = "<group>"; };
		9F5F340523AC64E400EB2804 /* Knowledge.swift */ = {isa = PBXFileReference; lastKnownFileType = sourcecode.swift; path = Knowledge.swift; sourceTree = "<group>"; };
		9F5F5D1424328CC100AF79A5 /* DateExtensions.swift */ = {isa = PBXFileReference; lastKnownFileType = sourcecode.swift; path = DateExtensions.swift; sourceTree = "<group>"; };
		9F65983223EDCEA300CDBE0C /* NoteXPage.swift */ = {isa = PBXFileReference; lastKnownFileType = sourcecode.swift; path = NoteXPage.swift; sourceTree = "<group>"; };
		9F65983423EDD09F00CDBE0C /* NoteText.swift */ = {isa = PBXFileReference; lastKnownFileType = sourcecode.swift; path = NoteText.swift; sourceTree = "<group>"; };
		9F65983623EDD15C00CDBE0C /* NoteTextElement.swift */ = {isa = PBXFileReference; lastKnownFileType = sourcecode.swift; path = NoteTextElement.swift; sourceTree = "<group>"; };
		9F65983823EDD23500CDBE0C /* NoteTextLine.swift */ = {isa = PBXFileReference; lastKnownFileType = sourcecode.swift; path = NoteTextLine.swift; sourceTree = "<group>"; };
		9F65983A23EDD29300CDBE0C /* NoteTextBlock.swift */ = {isa = PBXFileReference; lastKnownFileType = sourcecode.swift; path = NoteTextBlock.swift; sourceTree = "<group>"; };
		9F65983C23EDD2FA00CDBE0C /* NoteTextComplete.swift */ = {isa = PBXFileReference; lastKnownFileType = sourcecode.swift; path = NoteTextComplete.swift; sourceTree = "<group>"; };
		9F65983E23EDD80B00CDBE0C /* HelpLinesType.swift */ = {isa = PBXFileReference; lastKnownFileType = sourcecode.swift; path = HelpLinesType.swift; sourceTree = "<group>"; };
		9F65984023EE1EE900CDBE0C /* SKFileManager.swift */ = {isa = PBXFileReference; lastKnownFileType = sourcecode.swift; path = SKFileManager.swift; sourceTree = "<group>"; };
		9F65984723F315FE00CDBE0C /* SearchFilterCollectionViewCell.swift */ = {isa = PBXFileReference; lastKnownFileType = sourcecode.swift; path = SearchFilterCollectionViewCell.swift; sourceTree = "<group>"; };
		9F65984A23F3175E00CDBE0C /* SearchViewController.swift */ = {isa = PBXFileReference; lastKnownFileType = sourcecode.swift; path = SearchViewController.swift; sourceTree = "<group>"; };
		9F65984C23F3227300CDBE0C /* DrawingSearchViewController.swift */ = {isa = PBXFileReference; lastKnownFileType = sourcecode.swift; path = DrawingSearchViewController.swift; sourceTree = "<group>"; };
		9F75E447230C368F00488BBD /* NoteSharingViewController.swift */ = {isa = PBXFileReference; lastKnownFileType = sourcecode.swift; path = NoteSharingViewController.swift; sourceTree = "<group>"; };
		9F75E44A230C583200488BBD /* NoteCollectionViewCell.swift */ = {isa = PBXFileReference; lastKnownFileType = sourcecode.swift; path = NoteCollectionViewCell.swift; sourceTree = "<group>"; };
		9F75E44B230C583200488BBD /* NoteCollectionViewCell.xib */ = {isa = PBXFileReference; lastKnownFileType = file.xib; path = NoteCollectionViewCell.xib; sourceTree = "<group>"; };
		9F75E44E230D848200488BBD /* SettingsViewController.swift */ = {isa = PBXFileReference; lastKnownFileType = sourcecode.swift; path = SettingsViewController.swift; sourceTree = "<group>"; };
		9F75E450230D8AE100488BBD /* SettingsManager.swift */ = {isa = PBXFileReference; lastKnownFileType = sourcecode.swift; path = SettingsManager.swift; sourceTree = "<group>"; };
		9F75E481231410A100488BBD /* TAGMEHelper.swift */ = {isa = PBXFileReference; lastKnownFileType = sourcecode.swift; path = TAGMEHelper.swift; sourceTree = "<group>"; };
		9F75E483231419FA00488BBD /* TAGMEDocument.swift */ = {isa = PBXFileReference; lastKnownFileType = sourcecode.swift; path = TAGMEDocument.swift; sourceTree = "<group>"; };
		9F77DBC923FFD619007C8B7D /* AnnotationUtilities.swift */ = {isa = PBXFileReference; lastKnownFileType = sourcecode.swift; path = AnnotationUtilities.swift; sourceTree = "<group>"; };
		9F8551B023A539D9006EB0B1 /* NotePageCollectionViewCell.swift */ = {isa = PBXFileReference; lastKnownFileType = sourcecode.swift; path = NotePageCollectionViewCell.swift; sourceTree = "<group>"; };
		9F92D10D231E95B400BC0E57 /* UICollectionViewExtensions.swift */ = {isa = PBXFileReference; lastKnownFileType = sourcecode.swift; path = UICollectionViewExtensions.swift; sourceTree = "<group>"; };
		9F92D10F231E97DF00BC0E57 /* UserDefaultsExtensions.swift */ = {isa = PBXFileReference; lastKnownFileType = sourcecode.swift; path = UserDefaultsExtensions.swift; sourceTree = "<group>"; };
		9F92D11423202B9900BC0E57 /* KnowledgeGraphHelper.swift */ = {isa = PBXFileReference; lastKnownFileType = sourcecode.swift; path = KnowledgeGraphHelper.swift; sourceTree = "<group>"; };
		9F92D11923217CFA00BC0E57 /* SearchFilterView.xib */ = {isa = PBXFileReference; lastKnownFileType = file.xib; path = SearchFilterView.xib; sourceTree = "<group>"; };
		9F92D11B23217D0500BC0E57 /* SearchFilterView.swift */ = {isa = PBXFileReference; lastKnownFileType = sourcecode.swift; path = SearchFilterView.swift; sourceTree = "<group>"; };
		9F92D11E23217FFF00BC0E57 /* SearchFilter.swift */ = {isa = PBXFileReference; lastKnownFileType = sourcecode.swift; path = SearchFilter.swift; sourceTree = "<group>"; };
		9F942505238A341E006B0E81 /* UIStoryboardSegueWithCompletion.swift */ = {isa = PBXFileReference; lastKnownFileType = sourcecode.swift; path = UIStoryboardSegueWithCompletion.swift; sourceTree = "<group>"; };
		9F9460DE23F5B0460073D709 /* GridView.swift */ = {isa = PBXFileReference; lastKnownFileType = sourcecode.swift; path = GridView.swift; sourceTree = "<group>"; };
		9F9DAFDF242CB7C100713E75 /* DrawingRecognition.swift */ = {isa = PBXFileReference; lastKnownFileType = sourcecode.swift; path = DrawingRecognition.swift; sourceTree = "<group>"; };
		9FA6238722CEA7FE007ED794 /* MapHelper.swift */ = {isa = PBXFileReference; lastKnownFileType = sourcecode.swift; path = MapHelper.swift; sourceTree = "<group>"; };
		9FA6238A22D37213007ED794 /* BioPortalHelper.swift */ = {isa = PBXFileReference; lastKnownFileType = sourcecode.swift; path = BioPortalHelper.swift; sourceTree = "<group>"; };
		9FA6238C22D38AEE007ED794 /* SpotlightHelper.swift */ = {isa = PBXFileReference; lastKnownFileType = sourcecode.swift; path = SpotlightHelper.swift; sourceTree = "<group>"; };
		9FA6239222DE30AC007ED794 /* SpotlightDocument.swift */ = {isa = PBXFileReference; lastKnownFileType = sourcecode.swift; path = SpotlightDocument.swift; sourceTree = "<group>"; };
		9FA6239422DE3741007ED794 /* BioPortalDocument.swift */ = {isa = PBXFileReference; lastKnownFileType = sourcecode.swift; path = BioPortalDocument.swift; sourceTree = "<group>"; };
		9FA6239622DE3806007ED794 /* CHEBIDocument.swift */ = {isa = PBXFileReference; lastKnownFileType = sourcecode.swift; path = CHEBIDocument.swift; sourceTree = "<group>"; };
		9FA6239D22E66D73007ED794 /* HandwritingRecognizer.swift */ = {isa = PBXFileReference; lastKnownFileType = sourcecode.swift; path = HandwritingRecognizer.swift; sourceTree = "<group>"; };
		9FA8BFFF239B18BA00BAA42B /* TagsViewController.swift */ = {isa = PBXFileReference; lastKnownFileType = sourcecode.swift; path = TagsViewController.swift; sourceTree = "<group>"; };
		9FA8C001239B21D500BAA42B /* TagsCreationViewController.swift */ = {isa = PBXFileReference; lastKnownFileType = sourcecode.swift; path = TagsCreationViewController.swift; sourceTree = "<group>"; };
		9FB9E500237F500B00279F3E /* ShareNoteViewController.swift */ = {isa = PBXFileReference; lastKnownFileType = sourcecode.swift; path = ShareNoteViewController.swift; sourceTree = "<group>"; };
		9FBF6AB322E9F391001FD730 /* VisionTextWrapper.swift */ = {isa = PBXFileReference; lastKnownFileType = sourcecode.swift; path = VisionTextWrapper.swift; sourceTree = "<group>"; };
		9FBF6AB522E9F3FE001FD730 /* VisionTextBlockWrapper.swift */ = {isa = PBXFileReference; lastKnownFileType = sourcecode.swift; path = VisionTextBlockWrapper.swift; sourceTree = "<group>"; };
		9FBF6AB722E9F428001FD730 /* VisionTextLineWrapper.swift */ = {isa = PBXFileReference; lastKnownFileType = sourcecode.swift; path = VisionTextLineWrapper.swift; sourceTree = "<group>"; };
		9FBF6AB922E9F439001FD730 /* VisionTextElementWrapper.swift */ = {isa = PBXFileReference; lastKnownFileType = sourcecode.swift; path = VisionTextElementWrapper.swift; sourceTree = "<group>"; };
		9FC02C1B23EDB6290051C576 /* File.swift */ = {isa = PBXFileReference; lastKnownFileType = sourcecode.swift; path = File.swift; sourceTree = "<group>"; };
		9FC02C1D23EDB6400051C576 /* NoteX.swift */ = {isa = PBXFileReference; lastKnownFileType = sourcecode.swift; path = NoteX.swift; sourceTree = "<group>"; };
		9FC02C1F23EDB6520051C576 /* Folder.swift */ = {isa = PBXFileReference; lastKnownFileType = sourcecode.swift; path = Folder.swift; sourceTree = "<group>"; };
		9FC114D8243919BD004F576A /* ImagePickerHelper.swift */ = {isa = PBXFileReference; lastKnownFileType = sourcecode.swift; path = ImagePickerHelper.swift; sourceTree = "<group>"; };
		9FCD3D5C23EA0A59005CB98D /* CocoaLumberjack.framework */ = {isa = PBXFileReference; explicitFileType = wrapper.framework; path = CocoaLumberjack.framework; sourceTree = BUILT_PRODUCTS_DIR; };
		9FD1ADF223A52F7C0013C68E /* NotePagesViewController.swift */ = {isa = PBXFileReference; lastKnownFileType = sourcecode.swift; path = NotePagesViewController.swift; sourceTree = "<group>"; };
		9FD29BA32220524D00CC969A /* Sketchnoting.app */ = {isa = PBXFileReference; explicitFileType = wrapper.application; includeInIndex = 0; path = Sketchnoting.app; sourceTree = BUILT_PRODUCTS_DIR; };
		9FD29BA62220524D00CC969A /* AppDelegate.swift */ = {isa = PBXFileReference; lastKnownFileType = sourcecode.swift; path = AppDelegate.swift; sourceTree = "<group>"; };
		9FD29BA82220524D00CC969A /* ViewController.swift */ = {isa = PBXFileReference; lastKnownFileType = sourcecode.swift; path = ViewController.swift; sourceTree = "<group>"; };
		9FD29BAB2220524D00CC969A /* Base */ = {isa = PBXFileReference; lastKnownFileType = file.storyboard; name = Base; path = Base.lproj/Main.storyboard; sourceTree = "<group>"; };
		9FD29BAD2220525000CC969A /* Assets.xcassets */ = {isa = PBXFileReference; lastKnownFileType = folder.assetcatalog; path = Assets.xcassets; sourceTree = "<group>"; };
		9FD29BB02220525000CC969A /* Base */ = {isa = PBXFileReference; lastKnownFileType = file.storyboard; name = Base; path = Base.lproj/LaunchScreen.storyboard; sourceTree = "<group>"; };
		9FD29BB22220525000CC969A /* Info.plist */ = {isa = PBXFileReference; lastKnownFileType = text.plist.xml; path = Info.plist; sourceTree = "<group>"; };
		9FD29BC62224B58600CC969A /* Document.swift */ = {isa = PBXFileReference; lastKnownFileType = sourcecode.swift; path = Document.swift; sourceTree = "<group>"; };
		9FD29C182236DCFC00CC969A /* NoteViewController.swift */ = {isa = PBXFileReference; lastKnownFileType = sourcecode.swift; path = NoteViewController.swift; sourceTree = "<group>"; };
		9FD29C432239525900CC969A /* GoogleService-Info.plist */ = {isa = PBXFileReference; fileEncoding = 4; lastKnownFileType = text.plist.xml; path = "GoogleService-Info.plist"; sourceTree = "<group>"; };
		9FD29C462239588E00CC969A /* UIViewExtensions.swift */ = {isa = PBXFileReference; lastKnownFileType = sourcecode.swift; path = UIViewExtensions.swift; sourceTree = "<group>"; };
		9FD29C4D223998BC00CC969A /* UIViewControllerExtensions.swift */ = {isa = PBXFileReference; lastKnownFileType = sourcecode.swift; path = UIViewControllerExtensions.swift; sourceTree = "<group>"; };
		9FD29C55223C3C3900CC969A /* StringExtensions.swift */ = {isa = PBXFileReference; lastKnownFileType = sourcecode.swift; path = StringExtensions.swift; sourceTree = "<group>"; };
		9FD29C57223C3CF700CC969A /* UIImageExtensions.swift */ = {isa = PBXFileReference; lastKnownFileType = sourcecode.swift; path = UIImageExtensions.swift; sourceTree = "<group>"; };
		9FD29C6322431BFA00CC969A /* DrawnImageClassifier.mlmodel */ = {isa = PBXFileReference; lastKnownFileType = file.mlmodel; path = DrawnImageClassifier.mlmodel; sourceTree = "<group>"; };
		9FD29C6522431C0000CC969A /* labels.txt */ = {isa = PBXFileReference; fileEncoding = 4; lastKnownFileType = text; path = labels.txt; sourceTree = "<group>"; };
		9FD8BB96243D5BE500542BFA /* ImportHelper.swift */ = {isa = PBXFileReference; lastKnownFileType = sourcecode.swift; path = ImportHelper.swift; sourceTree = "<group>"; };
		9FF0AC9124412C5200A82BE8 /* DraggableImageView.swift */ = {isa = PBXFileReference; lastKnownFileType = sourcecode.swift; path = DraggableImageView.swift; sourceTree = "<group>"; };
		9FF0AC9324412F4C00A82BE8 /* NoteImage.swift */ = {isa = PBXFileReference; lastKnownFileType = sourcecode.swift; path = NoteImage.swift; sourceTree = "<group>"; };
		9FF0AC952441308B00A82BE8 /* CodableExtensions.swift */ = {isa = PBXFileReference; lastKnownFileType = sourcecode.swift; path = CodableExtensions.swift; sourceTree = "<group>"; };
		9FFE07E5232A5FE500DBD0AC /* TagTableViewCell.swift */ = {isa = PBXFileReference; lastKnownFileType = sourcecode.swift; path = TagTableViewCell.swift; sourceTree = "<group>"; };
		9FFE07E7232A622A00DBD0AC /* Tag.swift */ = {isa = PBXFileReference; lastKnownFileType = sourcecode.swift; path = Tag.swift; sourceTree = "<group>"; };
		9FFE07E9232A63BA00DBD0AC /* TagsManager.swift */ = {isa = PBXFileReference; lastKnownFileType = sourcecode.swift; path = TagsManager.swift; sourceTree = "<group>"; };
		E0C0F2F2CA423E7E8B0DC8D5 /* Pods-Sketchnoting.debug.xcconfig */ = {isa = PBXFileReference; includeInIndex = 1; lastKnownFileType = text.xcconfig; name = "Pods-Sketchnoting.debug.xcconfig"; path = "Target Support Files/Pods-Sketchnoting/Pods-Sketchnoting.debug.xcconfig"; sourceTree = "<group>"; };
/* End PBXFileReference section */

/* Begin PBXFrameworksBuildPhase section */
		9FD29BA02220524D00CC969A /* Frameworks */ = {
			isa = PBXFrameworksBuildPhase;
			buildActionMask = 2147483647;
			files = (
				9F2C00092351126800D53EE9 /* Alamofire in Frameworks */,
				9F509144235BE29100853E84 /* DataCompression in Frameworks */,
				9F560FAA240855F700932A55 /* GPUImage in Frameworks */,
				9F0D8565242052E600B8BE2F /* BSImagePicker in Frameworks */,
				9F10EC162347D64C005340AA /* Kingfisher in Frameworks */,
				9FAA827E236DD45200B2004F /* ViewAnimator in Frameworks */,
				9F2C00062351123700D53EE9 /* SwiftyJSON in Frameworks */,
				9F9460E223F5BAA10073D709 /* Connectivity in Frameworks */,
				9F10EC192347E4B4005340AA /* SwiftyBeaver in Frameworks */,
				D2A21B26513E1A7C02F6BD40 /* libPods-Sketchnoting.a in Frameworks */,
			);
			runOnlyForDeploymentPostprocessing = 0;
		};
/* End PBXFrameworksBuildPhase section */

/* Begin PBXGroup section */
		04894B1DC0E872292CA59A2C /* Pods */ = {
			isa = PBXGroup;
			children = (
				E0C0F2F2CA423E7E8B0DC8D5 /* Pods-Sketchnoting.debug.xcconfig */,
				775C24EF4DB826D48E4192A6 /* Pods-Sketchnoting.release.xcconfig */,
			);
			path = Pods;
			sourceTree = "<group>";
		};
		124769D1803E7C4AE8A1F382 /* Frameworks */ = {
			isa = PBXGroup;
			children = (
				9FCD3D5C23EA0A59005CB98D /* CocoaLumberjack.framework */,
				2DBAD86A2FDA51F4DEA66F8A /* libPods-Sketchnoting.a */,
			);
			name = Frameworks;
			sourceTree = "<group>";
		};
		9F4B38BB23EA3D5700F87B61 /* Note Sharing */ = {
			isa = PBXGroup;
			children = (
				9F4B38BE23EA3EE200F87B61 /* ReceivedNotesViewController.swift */,
				9F4B38BC23EA3D8500F87B61 /* ReceivedNoteCollectionViewCell.swift */,
			);
			path = "Note Sharing";
			sourceTree = "<group>";
		};
		9F5010CA22491F8900425424 /* Views */ = {
			isa = PBXGroup;
			children = (
				9FFE07DC232A595D00DBD0AC /* Tags */,
				9F92D11623217C8300BC0E57 /* Search */,
				9F75E449230C580300488BBD /* Note Collection View */,
				9F18E7A723FB4F1600543D78 /* FolderButton.swift */,
			);
			path = Views;
			sourceTree = "<group>";
		};
		9F5D0FC6229CBC2A00BCA451 /* Models */ = {
			isa = PBXGroup;
			children = (
				9FFE07E9232A63BA00DBD0AC /* TagsManager.swift */,
				9F5F340523AC64E400EB2804 /* Knowledge.swift */,
			);
			path = Models;
			sourceTree = "<group>";
		};
		9F5E89EA2391AF1B002FA8B2 /* View Controllers */ = {
			isa = PBXGroup;
			children = (
				9F7BAFF4239C1D110045CD12 /* Home */,
				9F65984923F3174A00CDBE0C /* Search */,
				9F7BAFF5239C1D230045CD12 /* Note Editing */,
				9F5E89F12391CE5A002FA8B2 /* Documents Bookshelf */,
				9F5E89F22391CE6A002FA8B2 /* Document Detail */,
				9FA8BFFE239B18A800BAA42B /* Tags */,
				9F4B38BB23EA3D5700F87B61 /* Note Sharing */,
				9F8551AF23A539AE006EB0B1 /* Note Pages */,
				9F7BAFF6239C1D640045CD12 /* Other */,
			);
			path = "View Controllers";
			sourceTree = "<group>";
		};
		9F5E89F12391CE5A002FA8B2 /* Documents Bookshelf */ = {
			isa = PBXGroup;
			children = (
				9F5E89EB2391AF49002FA8B2 /* DocumentsViewController.swift */,
				9F5E89ED2391B474002FA8B2 /* DocumentsCollectionReusableView.swift */,
				9F5E89EF2391CBA2002FA8B2 /* DocumentViewCell.swift */,
			);
			path = "Documents Bookshelf";
			sourceTree = "<group>";
		};
		9F5E89F22391CE6A002FA8B2 /* Document Detail */ = {
			isa = PBXGroup;
			children = (
				9F5E89F32391CE84002FA8B2 /* DocumentDetailViewController.swift */,
				9F4B38C423EC76F400F87B61 /* DocumentPreviewViewController.swift */,
			);
			path = "Document Detail";
			sourceTree = "<group>";
		};
		9F65984923F3174A00CDBE0C /* Search */ = {
			isa = PBXGroup;
			children = (
				9F65984A23F3175E00CDBE0C /* SearchViewController.swift */,
				9F65984C23F3227300CDBE0C /* DrawingSearchViewController.swift */,
			);
			path = Search;
			sourceTree = "<group>";
		};
		9F75E449230C580300488BBD /* Note Collection View */ = {
			isa = PBXGroup;
			children = (
				9F75E44A230C583200488BBD /* NoteCollectionViewCell.swift */,
				9F75E44B230C583200488BBD /* NoteCollectionViewCell.xib */,
				9F05B59F232BE4EC00983AF2 /* NoteCollectionViewDetailCell.xib */,
				9F05B5A2232BF0C800983AF2 /* NoteCollectionViewDetailCell.swift */,
			);
			path = "Note Collection View";
			sourceTree = "<group>";
		};
		9F75E4802314108500488BBD /* TAGME */ = {
			isa = PBXGroup;
			children = (
				9F75E481231410A100488BBD /* TAGMEHelper.swift */,
			);
			path = TAGME;
			sourceTree = "<group>";
		};
		9F7BAFF4239C1D110045CD12 /* Home */ = {
			isa = PBXGroup;
			children = (
				9FD29BA82220524D00CC969A /* ViewController.swift */,
			);
			path = Home;
			sourceTree = "<group>";
		};
		9F7BAFF5239C1D230045CD12 /* Note Editing */ = {
			isa = PBXGroup;
			children = (
				9FD29C182236DCFC00CC969A /* NoteViewController.swift */,
			);
			path = "Note Editing";
			sourceTree = "<group>";
		};
		9F7BAFF6239C1D640045CD12 /* Other */ = {
			isa = PBXGroup;
			children = (
				9F75E447230C368F00488BBD /* NoteSharingViewController.swift */,
				9F75E44E230D848200488BBD /* SettingsViewController.swift */,
				9F05BC7E23761C4A00D49A88 /* NoteTextViewController.swift */,
				9F0FC54823760E7600070FA0 /* NoteOptionsTableViewController.swift */,
				9FB9E500237F500B00279F3E /* ShareNoteViewController.swift */,
				9F3424012407197000A92B98 /* HiddenDocumentsViewController.swift */,
			);
			path = Other;
			sourceTree = "<group>";
		};
		9F8551AF23A539AE006EB0B1 /* Note Pages */ = {
			isa = PBXGroup;
			children = (
				9FD1ADF223A52F7C0013C68E /* NotePagesViewController.swift */,
				9F8551B023A539D9006EB0B1 /* NotePageCollectionViewCell.swift */,
			);
			path = "Note Pages";
			sourceTree = "<group>";
		};
		9F92D11323202B8600BC0E57 /* Knowledge Graph */ = {
			isa = PBXGroup;
			children = (
				9F92D11423202B9900BC0E57 /* KnowledgeGraphHelper.swift */,
			);
			path = "Knowledge Graph";
			sourceTree = "<group>";
		};
		9F92D11623217C8300BC0E57 /* Search */ = {
			isa = PBXGroup;
			children = (
				9F92D11923217CFA00BC0E57 /* SearchFilterView.xib */,
				9F92D11B23217D0500BC0E57 /* SearchFilterView.swift */,
				9F65984723F315FE00CDBE0C /* SearchFilterCollectionViewCell.swift */,
			);
			path = Search;
			sourceTree = "<group>";
		};
		9F92D11D23217FEC00BC0E57 /* Search */ = {
			isa = PBXGroup;
			children = (
				9F92D11E23217FFF00BC0E57 /* SearchFilter.swift */,
			);
			path = Search;
			sourceTree = "<group>";
		};
		9FA6238922D371F1007ED794 /* Semantic Annotation */ = {
			isa = PBXGroup;
			children = (
				9F92D11323202B8600BC0E57 /* Knowledge Graph */,
				9F75E4802314108500488BBD /* TAGME */,
				9FA6239922DE3ACD007ED794 /* BioPortal */,
				9FA6239822DE3AC0007ED794 /* Spotlight */,
				9F77DBC923FFD619007C8B7D /* AnnotationUtilities.swift */,
			);
			path = "Semantic Annotation";
			sourceTree = "<group>";
		};
		9FA6239822DE3AC0007ED794 /* Spotlight */ = {
			isa = PBXGroup;
			children = (
				9FA6238C22D38AEE007ED794 /* SpotlightHelper.swift */,
			);
			path = Spotlight;
			sourceTree = "<group>";
		};
		9FA6239922DE3ACD007ED794 /* BioPortal */ = {
			isa = PBXGroup;
			children = (
				9FA6238A22D37213007ED794 /* BioPortalHelper.swift */,
			);
			path = BioPortal;
			sourceTree = "<group>";
		};
		9FA6239A22DE3ADB007ED794 /* Documents */ = {
			isa = PBXGroup;
			children = (
				9FD29BC62224B58600CC969A /* Document.swift */,
				9FA6239222DE30AC007ED794 /* SpotlightDocument.swift */,
				9FA6239422DE3741007ED794 /* BioPortalDocument.swift */,
				9FA6239622DE3806007ED794 /* CHEBIDocument.swift */,
				9F75E483231419FA00488BBD /* TAGMEDocument.swift */,
			);
			path = Documents;
			sourceTree = "<group>";
		};
		9FA6239F22E66D92007ED794 /* Handwriting Recognition */ = {
			isa = PBXGroup;
			children = (
				9FA6239D22E66D73007ED794 /* HandwritingRecognizer.swift */,
			);
			path = "Handwriting Recognition";
			sourceTree = "<group>";
		};
		9FA8BFFE239B18A800BAA42B /* Tags */ = {
			isa = PBXGroup;
			children = (
				9FA8BFFF239B18BA00BAA42B /* TagsViewController.swift */,
				9FA8C001239B21D500BAA42B /* TagsCreationViewController.swift */,
			);
			path = Tags;
			sourceTree = "<group>";
		};
		9FACBCB5237F1F90008E8DB3 /* Note */ = {
			isa = PBXGroup;
			children = (
				9FC02C1A23EDB60A0051C576 /* New */,
				9FFE07E7232A622A00DBD0AC /* Tag.swift */,
				9F65983E23EDD80B00CDBE0C /* HelpLinesType.swift */,
			);
			path = Note;
			sourceTree = "<group>";
		};
		9FBF6ABB22EA1D0D001FD730 /* Handwriting Recognition */ = {
			isa = PBXGroup;
			children = (
				9FBF6AB322E9F391001FD730 /* VisionTextWrapper.swift */,
				9FBF6AB522E9F3FE001FD730 /* VisionTextBlockWrapper.swift */,
				9FBF6AB722E9F428001FD730 /* VisionTextLineWrapper.swift */,
				9FBF6AB922E9F439001FD730 /* VisionTextElementWrapper.swift */,
			);
			path = "Handwriting Recognition";
			sourceTree = "<group>";
		};
		9FC02C1A23EDB60A0051C576 /* New */ = {
			isa = PBXGroup;
			children = (
				9FC02C1B23EDB6290051C576 /* File.swift */,
				9FC02C1D23EDB6400051C576 /* NoteX.swift */,
				9FC02C1F23EDB6520051C576 /* Folder.swift */,
				9F65983223EDCEA300CDBE0C /* NoteXPage.swift */,
				9F65983423EDD09F00CDBE0C /* NoteText.swift */,
				9F65983C23EDD2FA00CDBE0C /* NoteTextComplete.swift */,
				9F65983A23EDD29300CDBE0C /* NoteTextBlock.swift */,
				9F65983823EDD23500CDBE0C /* NoteTextLine.swift */,
				9F65983623EDD15C00CDBE0C /* NoteTextElement.swift */,
				9F65984023EE1EE900CDBE0C /* SKFileManager.swift */,
				9FF0AC9324412F4C00A82BE8 /* NoteImage.swift */,
			);
			path = New;
			sourceTree = "<group>";
		};
		9FC9047923EA1A0B006D1E11 /* Recovered References */ = {
			isa = PBXGroup;
			children = (
				6DBA3B8B1161909D0B9A8C86 /* Pods_Sketchnoting.framework */,
			);
			name = "Recovered References";
			sourceTree = "<group>";
		};
		9FD29B9A2220524D00CC969A = {
			isa = PBXGroup;
			children = (
				9FD29BA52220524D00CC969A /* Sketchnoting */,
				9FD29BA42220524D00CC969A /* Products */,
				124769D1803E7C4AE8A1F382 /* Frameworks */,
				04894B1DC0E872292CA59A2C /* Pods */,
				9FC9047923EA1A0B006D1E11 /* Recovered References */,
			);
			sourceTree = "<group>";
		};
		9FD29BA42220524D00CC969A /* Products */ = {
			isa = PBXGroup;
			children = (
				9FD29BA32220524D00CC969A /* Sketchnoting.app */,
			);
			name = Products;
			sourceTree = "<group>";
		};
		9FD29BA52220524D00CC969A /* Sketchnoting */ = {
			isa = PBXGroup;
			children = (
				9FD29BB22220525000CC969A /* Info.plist */,
				9FD29C432239525900CC969A /* GoogleService-Info.plist */,
				9FD29BA62220524D00CC969A /* AppDelegate.swift */,
				9FD29BAF2220525000CC969A /* LaunchScreen.storyboard */,
				9FD29BAA2220524D00CC969A /* Main.storyboard */,
				9FD29BAD2220525000CC969A /* Assets.xcassets */,
				9FD29C67224589BE00CC969A /* Application */,
				9FD29C452239587D00CC969A /* Extensions */,
				9F5D8B2B228B9D7000F56FEC /* CREDITS.md */,
				9F5D8B2C228B9EF800F56FEC /* README.md */,
			);
			path = Sketchnoting;
			sourceTree = "<group>";
		};
		9FD29C452239587D00CC969A /* Extensions */ = {
			isa = PBXGroup;
			children = (
				9FD29C462239588E00CC969A /* UIViewExtensions.swift */,
				9FD29C4D223998BC00CC969A /* UIViewControllerExtensions.swift */,
				9FD29C55223C3C3900CC969A /* StringExtensions.swift */,
				9FD29C57223C3CF700CC969A /* UIImageExtensions.swift */,
				9F92D10D231E95B400BC0E57 /* UICollectionViewExtensions.swift */,
				9F5D80EF2332D32600552D58 /* SVGImageProcessorExtension.swift */,
				9F92D10F231E97DF00BC0E57 /* UserDefaultsExtensions.swift */,
				9F942505238A341E006B0E81 /* UIStoryboardSegueWithCompletion.swift */,
				9F4D2335239C1FDB0078B364 /* UIColorExtensions.swift */,
				9F4D2337239C22FD0078B364 /* OtherExtensions.swift */,
				9F00428823E9FB2600961636 /* BadgeHub.swift */,
				9F9460DE23F5B0460073D709 /* GridView.swift */,
				9F5F5D1424328CC100AF79A5 /* DateExtensions.swift */,
				9FF0AC9124412C5200A82BE8 /* DraggableImageView.swift */,
				9FF0AC952441308B00A82BE8 /* CodableExtensions.swift */,
			);
			path = Extensions;
			sourceTree = "<group>";
		};
		9FD29C6222431BDD00CC969A /* DrawingRecognition */ = {
			isa = PBXGroup;
			children = (
				9FD29C6322431BFA00CC969A /* DrawnImageClassifier.mlmodel */,
				9FD29C6522431C0000CC969A /* labels.txt */,
			);
			path = DrawingRecognition;
			sourceTree = "<group>";
		};
		9FD29C67224589BE00CC969A /* Application */ = {
			isa = PBXGroup;
			children = (
				9F5E89EA2391AF1B002FA8B2 /* View Controllers */,
				9F5010CA22491F8900425424 /* Views */,
				9FD29C69224589FE00CC969A /* Helpers */,
				9FD29C68224589DA00CC969A /* Data */,
			);
			path = Application;
			sourceTree = "<group>";
		};
		9FD29C68224589DA00CC969A /* Data */ = {
			isa = PBXGroup;
			children = (
				9FACBCB5237F1F90008E8DB3 /* Note */,
				9F92D11D23217FEC00BC0E57 /* Search */,
				9FBF6ABB22EA1D0D001FD730 /* Handwriting Recognition */,
				9FD29C6222431BDD00CC969A /* DrawingRecognition */,
				9FA6239A22DE3ADB007ED794 /* Documents */,
				9F5D0FC6229CBC2A00BCA451 /* Models */,
			);
			path = Data;
			sourceTree = "<group>";
		};
		9FD29C69224589FE00CC969A /* Helpers */ = {
			isa = PBXGroup;
			children = (
				9FA6239F22E66D92007ED794 /* Handwriting Recognition */,
				9FA6238922D371F1007ED794 /* Semantic Annotation */,
				9FA6238722CEA7FE007ED794 /* MapHelper.swift */,
				9F75E450230D8AE100488BBD /* SettingsManager.swift */,
				9F4B38C023EA41C900F87B61 /* ReceivedNotesController.swift */,
				9F4B38C223EB1E6D00F87B61 /* Notifications.swift */,
				9F0ABB272412E5D400CA5A4E /* SKCacheManager.swift */,
				9F9DAFDF242CB7C100713E75 /* DrawingRecognition.swift */,
				9FC114D8243919BD004F576A /* ImagePickerHelper.swift */,
				9FD8BB96243D5BE500542BFA /* ImportHelper.swift */,
			);
			path = Helpers;
			sourceTree = "<group>";
		};
		9FFE07DC232A595D00DBD0AC /* Tags */ = {
			isa = PBXGroup;
			children = (
				9FFE07E5232A5FE500DBD0AC /* TagTableViewCell.swift */,
			);
			path = Tags;
			sourceTree = "<group>";
		};
/* End PBXGroup section */

/* Begin PBXNativeTarget section */
		9FD29BA22220524D00CC969A /* Sketchnoting */ = {
			isa = PBXNativeTarget;
			buildConfigurationList = 9FD29BB52220525000CC969A /* Build configuration list for PBXNativeTarget "Sketchnoting" */;
			buildPhases = (
				40F992550C2704BABEE7F4F7 /* [CP] Check Pods Manifest.lock */,
				9FD29B9F2220524D00CC969A /* Sources */,
				9FD29BA02220524D00CC969A /* Frameworks */,
				9FD29BA12220524D00CC969A /* Resources */,
				9F44580223EA00100057776C /* Embed Frameworks */,
				B260094388E7056BD35F7EBB /* [CP] Copy Pods Resources */,
			);
			buildRules = (
			);
			dependencies = (
			);
			name = Sketchnoting;
			packageProductDependencies = (
				9F10EC152347D64C005340AA /* Kingfisher */,
				9F10EC182347E4B4005340AA /* SwiftyBeaver */,
				9F2C00052351123700D53EE9 /* SwiftyJSON */,
				9F2C00082351126800D53EE9 /* Alamofire */,
				9F509143235BE29100853E84 /* DataCompression */,
				9FAA827D236DD45200B2004F /* ViewAnimator */,
				9F9460E123F5BAA10073D709 /* Connectivity */,
				9F560FA9240855F700932A55 /* GPUImage */,
				9F0D8564242052E600B8BE2F /* BSImagePicker */,
			);
			productName = Sketchnoting;
			productReference = 9FD29BA32220524D00CC969A /* Sketchnoting.app */;
			productType = "com.apple.product-type.application";
		};
/* End PBXNativeTarget section */

/* Begin PBXProject section */
		9FD29B9B2220524D00CC969A /* Project object */ = {
			isa = PBXProject;
			attributes = {
				LastSwiftUpdateCheck = 1010;
				LastUpgradeCheck = 1010;
				ORGANIZATIONNAME = Aryobarzan;
				TargetAttributes = {
					9FD29BA22220524D00CC969A = {
						CreatedOnToolsVersion = 10.1;
						LastSwiftMigration = 1020;
					};
				};
			};
			buildConfigurationList = 9FD29B9E2220524D00CC969A /* Build configuration list for PBXProject "Sketchnoting" */;
			compatibilityVersion = "Xcode 9.3";
			developmentRegion = en;
			hasScannedForEncodings = 0;
			knownRegions = (
				en,
				Base,
			);
			mainGroup = 9FD29B9A2220524D00CC969A;
			packageReferences = (
				9F10EC142347D64C005340AA /* XCRemoteSwiftPackageReference "Kingfisher" */,
				9F10EC172347E4B3005340AA /* XCRemoteSwiftPackageReference "SwiftyBeaver" */,
				9F2C00042351123700D53EE9 /* XCRemoteSwiftPackageReference "SwiftyJSON" */,
				9F2C00072351126800D53EE9 /* XCRemoteSwiftPackageReference "Alamofire" */,
				9F509142235BE29100853E84 /* XCRemoteSwiftPackageReference "DataCompression" */,
				9FAA827C236DD45200B2004F /* XCRemoteSwiftPackageReference "ViewAnimator" */,
				9FCD3D5723EA08A1005CB98D /* XCRemoteSwiftPackageReference "CocoaLumberjack" */,
				9F9460E023F5BAA10073D709 /* XCRemoteSwiftPackageReference "Connectivity" */,
				9F560FA8240855F700932A55 /* XCRemoteSwiftPackageReference "GPUImage2" */,
				9F0D8563242052E600B8BE2F /* XCRemoteSwiftPackageReference "BSImagePicker" */,
			);
			productRefGroup = 9FD29BA42220524D00CC969A /* Products */;
			projectDirPath = "";
			projectRoot = "";
			targets = (
				9FD29BA22220524D00CC969A /* Sketchnoting */,
			);
		};
/* End PBXProject section */

/* Begin PBXResourcesBuildPhase section */
		9FD29BA12220524D00CC969A /* Resources */ = {
			isa = PBXResourcesBuildPhase;
			buildActionMask = 2147483647;
			files = (
				9FD29C442239525A00CC969A /* GoogleService-Info.plist in Resources */,
				9FD29BB12220525000CC969A /* LaunchScreen.storyboard in Resources */,
				9FD29BAE2220525000CC969A /* Assets.xcassets in Resources */,
				9F05B5A1232BE4EC00983AF2 /* NoteCollectionViewDetailCell.xib in Resources */,
				9FD29BAC2220524D00CC969A /* Main.storyboard in Resources */,
				9F92D11A23217CFA00BC0E57 /* SearchFilterView.xib in Resources */,
				9FD29C6622431C0000CC969A /* labels.txt in Resources */,
				9F75E44D230C583200488BBD /* NoteCollectionViewCell.xib in Resources */,
			);
			runOnlyForDeploymentPostprocessing = 0;
		};
/* End PBXResourcesBuildPhase section */

/* Begin PBXShellScriptBuildPhase section */
		40F992550C2704BABEE7F4F7 /* [CP] Check Pods Manifest.lock */ = {
			isa = PBXShellScriptBuildPhase;
			buildActionMask = 2147483647;
			files = (
			);
			inputFileListPaths = (
			);
			inputPaths = (
				"${PODS_PODFILE_DIR_PATH}/Podfile.lock",
				"${PODS_ROOT}/Manifest.lock",
			);
			name = "[CP] Check Pods Manifest.lock";
			outputFileListPaths = (
			);
			outputPaths = (
				"$(DERIVED_FILE_DIR)/Pods-Sketchnoting-checkManifestLockResult.txt",
			);
			runOnlyForDeploymentPostprocessing = 0;
			shellPath = /bin/sh;
			shellScript = "diff \"${PODS_PODFILE_DIR_PATH}/Podfile.lock\" \"${PODS_ROOT}/Manifest.lock\" > /dev/null\nif [ $? != 0 ] ; then\n    # print error to STDERR\n    echo \"error: The sandbox is not in sync with the Podfile.lock. Run 'pod install' or update your CocoaPods installation.\" >&2\n    exit 1\nfi\n# This output is used by Xcode 'outputs' to avoid re-running this script phase.\necho \"SUCCESS\" > \"${SCRIPT_OUTPUT_FILE_0}\"\n";
			showEnvVarsInLog = 0;
		};
		B260094388E7056BD35F7EBB /* [CP] Copy Pods Resources */ = {
			isa = PBXShellScriptBuildPhase;
			buildActionMask = 2147483647;
			files = (
			);
			inputFileListPaths = (
				"${PODS_ROOT}/Target Support Files/Pods-Sketchnoting/Pods-Sketchnoting-resources-${CONFIGURATION}-input-files.xcfilelist",
			);
			name = "[CP] Copy Pods Resources";
			outputFileListPaths = (
				"${PODS_ROOT}/Target Support Files/Pods-Sketchnoting/Pods-Sketchnoting-resources-${CONFIGURATION}-output-files.xcfilelist",
			);
			runOnlyForDeploymentPostprocessing = 0;
			shellPath = /bin/sh;
			shellScript = "\"${PODS_ROOT}/Target Support Files/Pods-Sketchnoting/Pods-Sketchnoting-resources.sh\"\n";
			showEnvVarsInLog = 0;
		};
/* End PBXShellScriptBuildPhase section */

/* Begin PBXSourcesBuildPhase section */
		9FD29B9F2220524D00CC969A /* Sources */ = {
			isa = PBXSourcesBuildPhase;
			buildActionMask = 2147483647;
			files = (
				9FD1ADF123A52C090013C68E /* NoteViewController.swift in Sources */,
				9FD1ADF323A52F7C0013C68E /* NotePagesViewController.swift in Sources */,
				9FAD28F623A52AC700F2203E /* NoteTextViewController.swift in Sources */,
				9FA8C002239B21D500BAA42B /* TagsCreationViewController.swift in Sources */,
				9F942506238A341E006B0E81 /* UIStoryboardSegueWithCompletion.swift in Sources */,
				9F4B38C323EB1E6D00F87B61 /* Notifications.swift in Sources */,
				9F75E451230D8AE100488BBD /* SettingsManager.swift in Sources */,
				9F75E482231410A100488BBD /* TAGMEHelper.swift in Sources */,
				9F65984823F315FE00CDBE0C /* SearchFilterCollectionViewCell.swift in Sources */,
				9FA6238B22D37213007ED794 /* BioPortalHelper.swift in Sources */,
				9FA6239322DE30AC007ED794 /* SpotlightDocument.swift in Sources */,
				9F77DBCA23FFD619007C8B7D /* AnnotationUtilities.swift in Sources */,
				9F0ABB282412E5D400CA5A4E /* SKCacheManager.swift in Sources */,
				9FD29C58223C3CF700CC969A /* UIImageExtensions.swift in Sources */,
				9F00428923E9FB2600961636 /* BadgeHub.swift in Sources */,
				9F65983B23EDD29300CDBE0C /* NoteTextBlock.swift in Sources */,
				9F4B38C523EC76F400F87B61 /* DocumentPreviewViewController.swift in Sources */,
				9F65984B23F3175E00CDBE0C /* SearchViewController.swift in Sources */,
				9F65983723EDD15C00CDBE0C /* NoteTextElement.swift in Sources */,
				9FA6238822CEA7FE007ED794 /* MapHelper.swift in Sources */,
				9F4B38C123EA41C900F87B61 /* ReceivedNotesController.swift in Sources */,
				9F05B5A3232BF0C800983AF2 /* NoteCollectionViewDetailCell.swift in Sources */,
				9F92D110231E97DF00BC0E57 /* UserDefaultsExtensions.swift in Sources */,
				9F92D11F23217FFF00BC0E57 /* SearchFilter.swift in Sources */,
				9FF0AC962441308B00A82BE8 /* CodableExtensions.swift in Sources */,
				9FA6239522DE3741007ED794 /* BioPortalDocument.swift in Sources */,
				9FFE07E6232A5FE500DBD0AC /* TagTableViewCell.swift in Sources */,
				9FC02C2023EDB6520051C576 /* Folder.swift in Sources */,
				9F5D80F02332D32600552D58 /* SVGImageProcessorExtension.swift in Sources */,
				9F4D2336239C1FDB0078B364 /* UIColorExtensions.swift in Sources */,
				9F65983923EDD23500CDBE0C /* NoteTextLine.swift in Sources */,
				9FD29BA92220524D00CC969A /* ViewController.swift in Sources */,
				9FA6239722DE3806007ED794 /* CHEBIDocument.swift in Sources */,
				9F5F5D1524328CC100AF79A5 /* DateExtensions.swift in Sources */,
				9F4D2338239C22FD0078B364 /* OtherExtensions.swift in Sources */,
				9F5E89EC2391AF49002FA8B2 /* DocumentsViewController.swift in Sources */,
				9FD29BA72220524D00CC969A /* AppDelegate.swift in Sources */,
				9FD29C6422431BFA00CC969A /* DrawnImageClassifier.mlmodel in Sources */,
				9FC114D9243919BD004F576A /* ImagePickerHelper.swift in Sources */,
				9FC02C1C23EDB6290051C576 /* File.swift in Sources */,
				9F9DAFE0242CB7C100713E75 /* DrawingRecognition.swift in Sources */,
				9F92D10E231E95B400BC0E57 /* UICollectionViewExtensions.swift in Sources */,
				9F9460DF23F5B0460073D709 /* GridView.swift in Sources */,
				9F5E89F42391CE84002FA8B2 /* DocumentDetailViewController.swift in Sources */,
				9FD29C56223C3C3900CC969A /* StringExtensions.swift in Sources */,
				9F65983F23EDD80B00CDBE0C /* HelpLinesType.swift in Sources */,
				9F65983D23EDD2FA00CDBE0C /* NoteTextComplete.swift in Sources */,
				9F92D11C23217D0500BC0E57 /* SearchFilterView.swift in Sources */,
				9F0FC54923760E7600070FA0 /* NoteOptionsTableViewController.swift in Sources */,
				9FFE07EA232A63BA00DBD0AC /* TagsManager.swift in Sources */,
				9F4B38BF23EA3EE200F87B61 /* ReceivedNotesViewController.swift in Sources */,
				9F65984D23F3227300CDBE0C /* DrawingSearchViewController.swift in Sources */,
				9FD29C4E223998BC00CC969A /* UIViewControllerExtensions.swift in Sources */,
				9FD29C472239588E00CC969A /* UIViewExtensions.swift in Sources */,
				9FA8C000239B18BA00BAA42B /* TagsViewController.swift in Sources */,
				9FB9E501237F500B00279F3E /* ShareNoteViewController.swift in Sources */,
				9FBF6AB822E9F428001FD730 /* VisionTextLineWrapper.swift in Sources */,
				9FD8BB97243D5BE500542BFA /* ImportHelper.swift in Sources */,
				9F5E89EE2391B474002FA8B2 /* DocumentsCollectionReusableView.swift in Sources */,
				9F5E89F02391CBA2002FA8B2 /* DocumentViewCell.swift in Sources */,
				9F75E44F230D848200488BBD /* SettingsViewController.swift in Sources */,
				9F75E484231419FA00488BBD /* TAGMEDocument.swift in Sources */,
				9F92D11523202B9900BC0E57 /* KnowledgeGraphHelper.swift in Sources */,
				9F75E44C230C583200488BBD /* NoteCollectionViewCell.swift in Sources */,
				9F75E448230C368F00488BBD /* NoteSharingViewController.swift in Sources */,
				9FBF6AB422E9F391001FD730 /* VisionTextWrapper.swift in Sources */,
				9FC02C1E23EDB6400051C576 /* NoteX.swift in Sources */,
				9FF0AC9224412C5200A82BE8 /* DraggableImageView.swift in Sources */,
				9F8551B123A539D9006EB0B1 /* NotePageCollectionViewCell.swift in Sources */,
				9FBF6ABA22E9F439001FD730 /* VisionTextElementWrapper.swift in Sources */,
				9FD29BC72224B58600CC969A /* Document.swift in Sources */,
				9F5F340623AC64E400EB2804 /* Knowledge.swift in Sources */,
				9FBF6AB622E9F3FE001FD730 /* VisionTextBlockWrapper.swift in Sources */,
				9F4B38BD23EA3D8500F87B61 /* ReceivedNoteCollectionViewCell.swift in Sources */,
				9F65983323EDCEA300CDBE0C /* NoteXPage.swift in Sources */,
				9FA6239E22E66D73007ED794 /* HandwritingRecognizer.swift in Sources */,
				9FF0AC9424412F4C00A82BE8 /* NoteImage.swift in Sources */,
				9F65983523EDD09F00CDBE0C /* NoteText.swift in Sources */,
				9F65984123EE1EE900CDBE0C /* SKFileManager.swift in Sources */,
				9FA6238D22D38AEE007ED794 /* SpotlightHelper.swift in Sources */,
				9F18E7A823FB4F1600543D78 /* FolderButton.swift in Sources */,
				9FFE07E8232A622A00DBD0AC /* Tag.swift in Sources */,
				9F3424022407197000A92B98 /* HiddenDocumentsViewController.swift in Sources */,
			);
			runOnlyForDeploymentPostprocessing = 0;
		};
/* End PBXSourcesBuildPhase section */

/* Begin PBXVariantGroup section */
		9FD29BAA2220524D00CC969A /* Main.storyboard */ = {
			isa = PBXVariantGroup;
			children = (
				9FD29BAB2220524D00CC969A /* Base */,
			);
			name = Main.storyboard;
			sourceTree = "<group>";
		};
		9FD29BAF2220525000CC969A /* LaunchScreen.storyboard */ = {
			isa = PBXVariantGroup;
			children = (
				9FD29BB02220525000CC969A /* Base */,
			);
			name = LaunchScreen.storyboard;
			sourceTree = "<group>";
		};
/* End PBXVariantGroup section */

/* Begin XCBuildConfiguration section */
		9FD29BB32220525000CC969A /* Debug */ = {
			isa = XCBuildConfiguration;
			buildSettings = {
				ALWAYS_SEARCH_USER_PATHS = NO;
				CLANG_ANALYZER_NONNULL = YES;
				CLANG_ANALYZER_NUMBER_OBJECT_CONVERSION = YES_AGGRESSIVE;
				CLANG_CXX_LANGUAGE_STANDARD = "gnu++14";
				CLANG_CXX_LIBRARY = "libc++";
				CLANG_ENABLE_MODULES = YES;
				CLANG_ENABLE_OBJC_ARC = YES;
				CLANG_ENABLE_OBJC_WEAK = YES;
				CLANG_WARN_BLOCK_CAPTURE_AUTORELEASING = YES;
				CLANG_WARN_BOOL_CONVERSION = YES;
				CLANG_WARN_COMMA = YES;
				CLANG_WARN_CONSTANT_CONVERSION = YES;
				CLANG_WARN_DEPRECATED_OBJC_IMPLEMENTATIONS = YES;
				CLANG_WARN_DIRECT_OBJC_ISA_USAGE = YES_ERROR;
				CLANG_WARN_DOCUMENTATION_COMMENTS = YES;
				CLANG_WARN_EMPTY_BODY = YES;
				CLANG_WARN_ENUM_CONVERSION = YES;
				CLANG_WARN_INFINITE_RECURSION = YES;
				CLANG_WARN_INT_CONVERSION = YES;
				CLANG_WARN_NON_LITERAL_NULL_CONVERSION = YES;
				CLANG_WARN_OBJC_IMPLICIT_RETAIN_SELF = YES;
				CLANG_WARN_OBJC_LITERAL_CONVERSION = YES;
				CLANG_WARN_OBJC_ROOT_CLASS = YES_ERROR;
				CLANG_WARN_RANGE_LOOP_ANALYSIS = YES;
				CLANG_WARN_STRICT_PROTOTYPES = YES;
				CLANG_WARN_SUSPICIOUS_MOVE = YES;
				CLANG_WARN_UNGUARDED_AVAILABILITY = YES_AGGRESSIVE;
				CLANG_WARN_UNREACHABLE_CODE = YES;
				CLANG_WARN__DUPLICATE_METHOD_MATCH = YES;
				CODE_SIGN_IDENTITY = "iPhone Developer";
				COPY_PHASE_STRIP = NO;
				DEBUG_INFORMATION_FORMAT = dwarf;
				ENABLE_STRICT_OBJC_MSGSEND = YES;
				ENABLE_TESTABILITY = YES;
				GCC_C_LANGUAGE_STANDARD = gnu11;
				GCC_DYNAMIC_NO_PIC = NO;
				GCC_NO_COMMON_BLOCKS = YES;
				GCC_OPTIMIZATION_LEVEL = 0;
				GCC_PREPROCESSOR_DEFINITIONS = (
					"DEBUG=1",
					"$(inherited)",
				);
				GCC_WARN_64_TO_32_BIT_CONVERSION = YES;
				GCC_WARN_ABOUT_RETURN_TYPE = YES_ERROR;
				GCC_WARN_UNDECLARED_SELECTOR = YES;
				GCC_WARN_UNINITIALIZED_AUTOS = YES_AGGRESSIVE;
				GCC_WARN_UNUSED_FUNCTION = YES;
				GCC_WARN_UNUSED_VARIABLE = YES;
				IPHONEOS_DEPLOYMENT_TARGET = 13.0;
				MTL_ENABLE_DEBUG_INFO = INCLUDE_SOURCE;
				MTL_FAST_MATH = YES;
				ONLY_ACTIVE_ARCH = YES;
				SDKROOT = iphoneos;
				SWIFT_ACTIVE_COMPILATION_CONDITIONS = DEBUG;
				SWIFT_OPTIMIZATION_LEVEL = "-Onone";
			};
			name = Debug;
		};
		9FD29BB42220525000CC969A /* Release */ = {
			isa = XCBuildConfiguration;
			buildSettings = {
				ALWAYS_SEARCH_USER_PATHS = NO;
				CLANG_ANALYZER_NONNULL = YES;
				CLANG_ANALYZER_NUMBER_OBJECT_CONVERSION = YES_AGGRESSIVE;
				CLANG_CXX_LANGUAGE_STANDARD = "gnu++14";
				CLANG_CXX_LIBRARY = "libc++";
				CLANG_ENABLE_MODULES = YES;
				CLANG_ENABLE_OBJC_ARC = YES;
				CLANG_ENABLE_OBJC_WEAK = YES;
				CLANG_WARN_BLOCK_CAPTURE_AUTORELEASING = YES;
				CLANG_WARN_BOOL_CONVERSION = YES;
				CLANG_WARN_COMMA = YES;
				CLANG_WARN_CONSTANT_CONVERSION = YES;
				CLANG_WARN_DEPRECATED_OBJC_IMPLEMENTATIONS = YES;
				CLANG_WARN_DIRECT_OBJC_ISA_USAGE = YES_ERROR;
				CLANG_WARN_DOCUMENTATION_COMMENTS = YES;
				CLANG_WARN_EMPTY_BODY = YES;
				CLANG_WARN_ENUM_CONVERSION = YES;
				CLANG_WARN_INFINITE_RECURSION = YES;
				CLANG_WARN_INT_CONVERSION = YES;
				CLANG_WARN_NON_LITERAL_NULL_CONVERSION = YES;
				CLANG_WARN_OBJC_IMPLICIT_RETAIN_SELF = YES;
				CLANG_WARN_OBJC_LITERAL_CONVERSION = YES;
				CLANG_WARN_OBJC_ROOT_CLASS = YES_ERROR;
				CLANG_WARN_RANGE_LOOP_ANALYSIS = YES;
				CLANG_WARN_STRICT_PROTOTYPES = YES;
				CLANG_WARN_SUSPICIOUS_MOVE = YES;
				CLANG_WARN_UNGUARDED_AVAILABILITY = YES_AGGRESSIVE;
				CLANG_WARN_UNREACHABLE_CODE = YES;
				CLANG_WARN__DUPLICATE_METHOD_MATCH = YES;
				CODE_SIGN_IDENTITY = "iPhone Developer";
				COPY_PHASE_STRIP = NO;
				DEBUG_INFORMATION_FORMAT = "dwarf-with-dsym";
				ENABLE_NS_ASSERTIONS = NO;
				ENABLE_STRICT_OBJC_MSGSEND = YES;
				GCC_C_LANGUAGE_STANDARD = gnu11;
				GCC_NO_COMMON_BLOCKS = YES;
				GCC_WARN_64_TO_32_BIT_CONVERSION = YES;
				GCC_WARN_ABOUT_RETURN_TYPE = YES_ERROR;
				GCC_WARN_UNDECLARED_SELECTOR = YES;
				GCC_WARN_UNINITIALIZED_AUTOS = YES_AGGRESSIVE;
				GCC_WARN_UNUSED_FUNCTION = YES;
				GCC_WARN_UNUSED_VARIABLE = YES;
				IPHONEOS_DEPLOYMENT_TARGET = 13.0;
				MTL_ENABLE_DEBUG_INFO = NO;
				MTL_FAST_MATH = YES;
				SDKROOT = iphoneos;
				SWIFT_COMPILATION_MODE = wholemodule;
				SWIFT_OPTIMIZATION_LEVEL = "-O";
				VALIDATE_PRODUCT = YES;
			};
			name = Release;
		};
		9FD29BB62220525000CC969A /* Debug */ = {
			isa = XCBuildConfiguration;
			baseConfigurationReference = E0C0F2F2CA423E7E8B0DC8D5 /* Pods-Sketchnoting.debug.xcconfig */;
			buildSettings = {
				ASSETCATALOG_COMPILER_APPICON_NAME = AppIcon;
				CODE_SIGN_IDENTITY = "iPhone Developer";
				CODE_SIGN_STYLE = Automatic;
				DEAD_CODE_STRIPPING = NO;
				DEVELOPMENT_TEAM = 2HCVML6F73;
				FRAMEWORK_SEARCH_PATHS = (
					"$(inherited)",
					"$(PROJECT_DIR)",
				);
				INFOPLIST_FILE = Sketchnoting/Info.plist;
				IPHONEOS_DEPLOYMENT_TARGET = 13.0;
				LD_RUNPATH_SEARCH_PATHS = (
					"$(inherited)",
					"@executable_path/Frameworks",
				);
				PRODUCT_BUNDLE_IDENTIFIER = lu.uni.coast.Sketchnoting;
				PRODUCT_NAME = "$(TARGET_NAME)";
				PROVISIONING_PROFILE_SPECIFIER = "";
				SWIFT_OBJC_BRIDGING_HEADER = "";
				SWIFT_VERSION = 5.0;
				TARGETED_DEVICE_FAMILY = 2;
			};
			name = Debug;
		};
		9FD29BB72220525000CC969A /* Release */ = {
			isa = XCBuildConfiguration;
			baseConfigurationReference = 775C24EF4DB826D48E4192A6 /* Pods-Sketchnoting.release.xcconfig */;
			buildSettings = {
				ASSETCATALOG_COMPILER_APPICON_NAME = AppIcon;
				CODE_SIGN_IDENTITY = "iPhone Developer";
				CODE_SIGN_STYLE = Automatic;
				DEAD_CODE_STRIPPING = NO;
				DEVELOPMENT_TEAM = 2HCVML6F73;
				FRAMEWORK_SEARCH_PATHS = (
					"$(inherited)",
					"$(PROJECT_DIR)",
				);
				INFOPLIST_FILE = Sketchnoting/Info.plist;
				IPHONEOS_DEPLOYMENT_TARGET = 13.0;
				LD_RUNPATH_SEARCH_PATHS = (
					"$(inherited)",
					"@executable_path/Frameworks",
				);
				PRODUCT_BUNDLE_IDENTIFIER = lu.uni.coast.Sketchnoting;
				PRODUCT_NAME = "$(TARGET_NAME)";
				PROVISIONING_PROFILE_SPECIFIER = "";
				SWIFT_OBJC_BRIDGING_HEADER = "";
				SWIFT_VERSION = 5.0;
				TARGETED_DEVICE_FAMILY = 2;
			};
			name = Release;
		};
/* End XCBuildConfiguration section */

/* Begin XCConfigurationList section */
		9FD29B9E2220524D00CC969A /* Build configuration list for PBXProject "Sketchnoting" */ = {
			isa = XCConfigurationList;
			buildConfigurations = (
				9FD29BB32220525000CC969A /* Debug */,
				9FD29BB42220525000CC969A /* Release */,
			);
			defaultConfigurationIsVisible = 0;
			defaultConfigurationName = Release;
		};
		9FD29BB52220525000CC969A /* Build configuration list for PBXNativeTarget "Sketchnoting" */ = {
			isa = XCConfigurationList;
			buildConfigurations = (
				9FD29BB62220525000CC969A /* Debug */,
				9FD29BB72220525000CC969A /* Release */,
			);
			defaultConfigurationIsVisible = 0;
			defaultConfigurationName = Release;
		};
/* End XCConfigurationList section */

/* Begin XCRemoteSwiftPackageReference section */
		9F0D8563242052E600B8BE2F /* XCRemoteSwiftPackageReference "BSImagePicker" */ = {
			isa = XCRemoteSwiftPackageReference;
			repositoryURL = "https://github.com/mikaoj/BSImagePicker";
			requirement = {
				kind = upToNextMajorVersion;
				minimumVersion = 3.1.1;
			};
		};
		9F10EC142347D64C005340AA /* XCRemoteSwiftPackageReference "Kingfisher" */ = {
			isa = XCRemoteSwiftPackageReference;
			repositoryURL = "https://github.com/onevcat/Kingfisher.git";
			requirement = {
				kind = exactVersion;
				version = 5.13.2;
			};
		};
		9F10EC172347E4B3005340AA /* XCRemoteSwiftPackageReference "SwiftyBeaver" */ = {
			isa = XCRemoteSwiftPackageReference;
			repositoryURL = "https://github.com/SwiftyBeaver/SwiftyBeaver.git";
			requirement = {
				kind = upToNextMajorVersion;
				minimumVersion = 1.8.2;
			};
		};
		9F2C00042351123700D53EE9 /* XCRemoteSwiftPackageReference "SwiftyJSON" */ = {
			isa = XCRemoteSwiftPackageReference;
			repositoryURL = "https://github.com/SwiftyJSON/SwiftyJSON.git";
			requirement = {
				kind = upToNextMajorVersion;
				minimumVersion = 5.0.0;
			};
		};
		9F2C00072351126800D53EE9 /* XCRemoteSwiftPackageReference "Alamofire" */ = {
			isa = XCRemoteSwiftPackageReference;
			repositoryURL = "https://github.com/Alamofire/Alamofire.git";
			requirement = {
				kind = upToNextMajorVersion;
				minimumVersion = 5.0.2;
			};
		};
		9F509142235BE29100853E84 /* XCRemoteSwiftPackageReference "DataCompression" */ = {
			isa = XCRemoteSwiftPackageReference;
			repositoryURL = "https://github.com/mw99/DataCompression.git";
			requirement = {
				kind = upToNextMajorVersion;
				minimumVersion = 3.6.0;
			};
		};
		9F560FA8240855F700932A55 /* XCRemoteSwiftPackageReference "GPUImage2" */ = {
			isa = XCRemoteSwiftPackageReference;
			repositoryURL = "https://github.com/BradLarson/GPUImage2";
			requirement = {
				branch = master;
				kind = branch;
			};
		};
		9F9460E023F5BAA10073D709 /* XCRemoteSwiftPackageReference "Connectivity" */ = {
			isa = XCRemoteSwiftPackageReference;
			repositoryURL = "https://github.com/rwbutler/Connectivity";
			requirement = {
				kind = upToNextMajorVersion;
				minimumVersion = 3.3.3;
			};
		};
		9FAA827C236DD45200B2004F /* XCRemoteSwiftPackageReference "ViewAnimator" */ = {
			isa = XCRemoteSwiftPackageReference;
			repositoryURL = "https://github.com/marcosgriselli/ViewAnimator";
			requirement = {
				kind = upToNextMajorVersion;
				minimumVersion = 2.7.0;
			};
		};
		9FCD3D5723EA08A1005CB98D /* XCRemoteSwiftPackageReference "CocoaLumberjack" */ = {
			isa = XCRemoteSwiftPackageReference;
			repositoryURL = "https://github.com/CocoaLumberjack/CocoaLumberjack";
			requirement = {
				kind = upToNextMajorVersion;
				minimumVersion = 3.6.1;
			};
		};
/* End XCRemoteSwiftPackageReference section */

/* Begin XCSwiftPackageProductDependency section */
		9F0D8564242052E600B8BE2F /* BSImagePicker */ = {
			isa = XCSwiftPackageProductDependency;
			package = 9F0D8563242052E600B8BE2F /* XCRemoteSwiftPackageReference "BSImagePicker" */;
			productName = BSImagePicker;
		};
		9F10EC152347D64C005340AA /* Kingfisher */ = {
			isa = XCSwiftPackageProductDependency;
			package = 9F10EC142347D64C005340AA /* XCRemoteSwiftPackageReference "Kingfisher" */;
			productName = Kingfisher;
		};
		9F10EC182347E4B4005340AA /* SwiftyBeaver */ = {
			isa = XCSwiftPackageProductDependency;
			package = 9F10EC172347E4B3005340AA /* XCRemoteSwiftPackageReference "SwiftyBeaver" */;
			productName = SwiftyBeaver;
		};
		9F2C00052351123700D53EE9 /* SwiftyJSON */ = {
			isa = XCSwiftPackageProductDependency;
			package = 9F2C00042351123700D53EE9 /* XCRemoteSwiftPackageReference "SwiftyJSON" */;
			productName = SwiftyJSON;
		};
		9F2C00082351126800D53EE9 /* Alamofire */ = {
			isa = XCSwiftPackageProductDependency;
			package = 9F2C00072351126800D53EE9 /* XCRemoteSwiftPackageReference "Alamofire" */;
			productName = Alamofire;
		};
		9F509143235BE29100853E84 /* DataCompression */ = {
			isa = XCSwiftPackageProductDependency;
			package = 9F509142235BE29100853E84 /* XCRemoteSwiftPackageReference "DataCompression" */;
			productName = DataCompression;
		};
		9F560FA9240855F700932A55 /* GPUImage */ = {
			isa = XCSwiftPackageProductDependency;
			package = 9F560FA8240855F700932A55 /* XCRemoteSwiftPackageReference "GPUImage2" */;
			productName = GPUImage;
		};
		9F9460E123F5BAA10073D709 /* Connectivity */ = {
			isa = XCSwiftPackageProductDependency;
			package = 9F9460E023F5BAA10073D709 /* XCRemoteSwiftPackageReference "Connectivity" */;
			productName = Connectivity;
		};
		9FAA827D236DD45200B2004F /* ViewAnimator */ = {
			isa = XCSwiftPackageProductDependency;
			package = 9FAA827C236DD45200B2004F /* XCRemoteSwiftPackageReference "ViewAnimator" */;
			productName = ViewAnimator;
		};
/* End XCSwiftPackageProductDependency section */
	};
	rootObject = 9FD29B9B2220524D00CC969A /* Project object */;
}
