// !$*UTF8*$!
{
	archiveVersion = 1;
	classes = {
	};
	objectVersion = 51;
	objects = {

/* Begin PBXBuildFile section */
		9F5010CC22491FC000425424 /* SketchnoteView.xib in Resources */ = {isa = PBXBuildFile; fileRef = 9F5010CB22491FC000425424 /* SketchnoteView.xib */; };
		9F5010CE22491FD000425424 /* SketchnoteView.swift in Sources */ = {isa = PBXBuildFile; fileRef = 9F5010CD22491FD000425424 /* SketchnoteView.swift */; };
		9F5010D0224930E400425424 /* NoteCollection.swift in Sources */ = {isa = PBXBuildFile; fileRef = 9F5010CF224930E400425424 /* NoteCollection.swift */; };
		9F5010D22249325300425424 /* NoteCollectionView.xib in Resources */ = {isa = PBXBuildFile; fileRef = 9F5010D12249325300425424 /* NoteCollectionView.xib */; };
		9F5010D42249326D00425424 /* NoteCollectionView.swift in Sources */ = {isa = PBXBuildFile; fileRef = 9F5010D32249326D00425424 /* NoteCollectionView.swift */; };
		9F5D0FC8229CBC4100BCA451 /* NotesManager.swift in Sources */ = {isa = PBXBuildFile; fileRef = 9F5D0FC7229CBC4100BCA451 /* NotesManager.swift */; };
		9FA6238822CEA7FE007ED794 /* MapHelper.swift in Sources */ = {isa = PBXBuildFile; fileRef = 9FA6238722CEA7FE007ED794 /* MapHelper.swift */; };
		9FA6238B22D37213007ED794 /* BioPortalHelper.swift in Sources */ = {isa = PBXBuildFile; fileRef = 9FA6238A22D37213007ED794 /* BioPortalHelper.swift */; };
		9FA6238D22D38AEE007ED794 /* SpotlightHelper.swift in Sources */ = {isa = PBXBuildFile; fileRef = 9FA6238C22D38AEE007ED794 /* SpotlightHelper.swift */; };
		9FA6238F22DCD3AD007ED794 /* DocumentUICollectionViewCell.swift in Sources */ = {isa = PBXBuildFile; fileRef = 9FA6238E22DCD3AD007ED794 /* DocumentUICollectionViewCell.swift */; };
		9FA6239322DE30AC007ED794 /* SpotlightDocument.swift in Sources */ = {isa = PBXBuildFile; fileRef = 9FA6239222DE30AC007ED794 /* SpotlightDocument.swift */; };
		9FA6239522DE3741007ED794 /* BioPortalDocument.swift in Sources */ = {isa = PBXBuildFile; fileRef = 9FA6239422DE3741007ED794 /* BioPortalDocument.swift */; };
		9FA6239722DE3806007ED794 /* CHEBIDocument.swift in Sources */ = {isa = PBXBuildFile; fileRef = 9FA6239622DE3806007ED794 /* CHEBIDocument.swift */; };
		9FA6239C22E64EA2007ED794 /* TextData.swift in Sources */ = {isa = PBXBuildFile; fileRef = 9FA6239B22E64EA2007ED794 /* TextData.swift */; };
		9FA6239E22E66D73007ED794 /* HandwritingRecognizer.swift in Sources */ = {isa = PBXBuildFile; fileRef = 9FA6239D22E66D73007ED794 /* HandwritingRecognizer.swift */; };
		9FA623A122E73DDA007ED794 /* NoteLoader.swift in Sources */ = {isa = PBXBuildFile; fileRef = 9FA623A022E73DDA007ED794 /* NoteLoader.swift */; };
		9FBF6AB422E9F391001FD730 /* VisionTextWrapper.swift in Sources */ = {isa = PBXBuildFile; fileRef = 9FBF6AB322E9F391001FD730 /* VisionTextWrapper.swift */; };
		9FBF6AB622E9F3FE001FD730 /* VisionTextBlockWrapper.swift in Sources */ = {isa = PBXBuildFile; fileRef = 9FBF6AB522E9F3FE001FD730 /* VisionTextBlockWrapper.swift */; };
		9FBF6AB822E9F428001FD730 /* VisionTextLineWrapper.swift in Sources */ = {isa = PBXBuildFile; fileRef = 9FBF6AB722E9F428001FD730 /* VisionTextLineWrapper.swift */; };
		9FBF6ABA22E9F439001FD730 /* VisionTextElementWrapper.swift in Sources */ = {isa = PBXBuildFile; fileRef = 9FBF6AB922E9F439001FD730 /* VisionTextElementWrapper.swift */; };
		9FC788F2225CEC230074BD16 /* DrawingSearchView.xib in Resources */ = {isa = PBXBuildFile; fileRef = 9FC788F1225CEC230074BD16 /* DrawingSearchView.xib */; };
		9FC788F4225CEC4C0074BD16 /* DrawingSearchView.swift in Sources */ = {isa = PBXBuildFile; fileRef = 9FC788F3225CEC4C0074BD16 /* DrawingSearchView.swift */; };
		9FD29BA72220524D00CC969A /* AppDelegate.swift in Sources */ = {isa = PBXBuildFile; fileRef = 9FD29BA62220524D00CC969A /* AppDelegate.swift */; };
		9FD29BA92220524D00CC969A /* ViewController.swift in Sources */ = {isa = PBXBuildFile; fileRef = 9FD29BA82220524D00CC969A /* ViewController.swift */; };
		9FD29BAC2220524D00CC969A /* Main.storyboard in Resources */ = {isa = PBXBuildFile; fileRef = 9FD29BAA2220524D00CC969A /* Main.storyboard */; };
		9FD29BAE2220525000CC969A /* Assets.xcassets in Resources */ = {isa = PBXBuildFile; fileRef = 9FD29BAD2220525000CC969A /* Assets.xcassets */; };
		9FD29BB12220525000CC969A /* LaunchScreen.storyboard in Resources */ = {isa = PBXBuildFile; fileRef = 9FD29BAF2220525000CC969A /* LaunchScreen.storyboard */; };
		9FD29BC522249D9500CC969A /* Note.swift in Sources */ = {isa = PBXBuildFile; fileRef = 9FD29BC422249D9500CC969A /* Note.swift */; };
		9FD29BC72224B58600CC969A /* Document.swift in Sources */ = {isa = PBXBuildFile; fileRef = 9FD29BC62224B58600CC969A /* Document.swift */; };
		9FD29BCB2224B89800CC969A /* Sketchnote.swift in Sources */ = {isa = PBXBuildFile; fileRef = 9FD29BCA2224B89800CC969A /* Sketchnote.swift */; };
		9FD29C192236DCFC00CC969A /* SketchNoteViewController.swift in Sources */ = {isa = PBXBuildFile; fileRef = 9FD29C182236DCFC00CC969A /* SketchNoteViewController.swift */; };
		9FD29C1E2236EA2800CC969A /* SketchTool.swift in Sources */ = {isa = PBXBuildFile; fileRef = 9FD29C1B2236EA2800CC969A /* SketchTool.swift */; };
		9FD29C1F2236EA2800CC969A /* SketchView.swift in Sources */ = {isa = PBXBuildFile; fileRef = 9FD29C1C2236EA2800CC969A /* SketchView.swift */; };
		9FD29C202236EA2800CC969A /* UIImage+fill.swift in Sources */ = {isa = PBXBuildFile; fileRef = 9FD29C1D2236EA2800CC969A /* UIImage+fill.swift */; };
		9FD29C342237FD2B00CC969A /* GMStepper.swift in Sources */ = {isa = PBXBuildFile; fileRef = 9FD29C332237FD2B00CC969A /* GMStepper.swift */; };
		9FD29C362238539200CC969A /* PhotoRequestManager.swift in Sources */ = {isa = PBXBuildFile; fileRef = 9FD29C352238539200CC969A /* PhotoRequestManager.swift */; };
		9FD29C38223853C300CC969A /* PhotoAuthorization.swift in Sources */ = {isa = PBXBuildFile; fileRef = 9FD29C37223853C300CC969A /* PhotoAuthorization.swift */; };
		9FD29C392238571700CC969A /* Pods_Sketchnoting.framework in Frameworks */ = {isa = PBXBuildFile; fileRef = 9DC8B7BD96FB5DF71C8C0CA0 /* Pods_Sketchnoting.framework */; };
		9FD29C3F223861E100CC969A /* ExpandableButtonItem.swift in Sources */ = {isa = PBXBuildFile; fileRef = 9FD29C3B223861E000CC969A /* ExpandableButtonItem.swift */; };
		9FD29C40223861E100CC969A /* ExpandableButtonView.swift in Sources */ = {isa = PBXBuildFile; fileRef = 9FD29C3C223861E000CC969A /* ExpandableButtonView.swift */; };
		9FD29C41223861E100CC969A /* ArrowButton.swift in Sources */ = {isa = PBXBuildFile; fileRef = 9FD29C3D223861E000CC969A /* ArrowButton.swift */; };
		9FD29C42223861E100CC969A /* ActionButton.swift in Sources */ = {isa = PBXBuildFile; fileRef = 9FD29C3E223861E100CC969A /* ActionButton.swift */; };
		9FD29C442239525A00CC969A /* GoogleService-Info.plist in Resources */ = {isa = PBXBuildFile; fileRef = 9FD29C432239525900CC969A /* GoogleService-Info.plist */; };
		9FD29C472239588E00CC969A /* UIViewExtensions.swift in Sources */ = {isa = PBXBuildFile; fileRef = 9FD29C462239588E00CC969A /* UIViewExtensions.swift */; };
		9FD29C4E223998BC00CC969A /* UIViewControllerExtensions.swift in Sources */ = {isa = PBXBuildFile; fileRef = 9FD29C4D223998BC00CC969A /* UIViewControllerExtensions.swift */; };
		9FD29C54223C3B6F00CC969A /* OCRHelper.swift in Sources */ = {isa = PBXBuildFile; fileRef = 9FD29C53223C3B6F00CC969A /* OCRHelper.swift */; };
		9FD29C56223C3C3900CC969A /* StringExtensions.swift in Sources */ = {isa = PBXBuildFile; fileRef = 9FD29C55223C3C3900CC969A /* StringExtensions.swift */; };
		9FD29C58223C3CF700CC969A /* UIImageExtensions.swift in Sources */ = {isa = PBXBuildFile; fileRef = 9FD29C57223C3CF700CC969A /* UIImageExtensions.swift */; };
		9FD29C6422431BFA00CC969A /* DrawnImageClassifier.mlmodel in Sources */ = {isa = PBXBuildFile; fileRef = 9FD29C6322431BFA00CC969A /* DrawnImageClassifier.mlmodel */; };
		9FD29C6622431C0000CC969A /* labels.txt in Resources */ = {isa = PBXBuildFile; fileRef = 9FD29C6522431C0000CC969A /* labels.txt */; };
		9FD9BD1022678D41007F4A2D /* NoteShareView.xib in Resources */ = {isa = PBXBuildFile; fileRef = 9FD9BD0F22678D41007F4A2D /* NoteShareView.xib */; };
		9FD9BD1422678D79007F4A2D /* NoteShareView.swift in Sources */ = {isa = PBXBuildFile; fileRef = 9FD9BD1322678D79007F4A2D /* NoteShareView.swift */; };
/* End PBXBuildFile section */

/* Begin PBXFileReference section */
		3866EAD96654DEBC2DCDFB3E /* Pods-Sketchnoting.release.xcconfig */ = {isa = PBXFileReference; includeInIndex = 1; lastKnownFileType = text.xcconfig; name = "Pods-Sketchnoting.release.xcconfig"; path = "Target Support Files/Pods-Sketchnoting/Pods-Sketchnoting.release.xcconfig"; sourceTree = "<group>"; };
		8703F8178351837A9DB23A40 /* Pods-Sketchnoting.debug.xcconfig */ = {isa = PBXFileReference; includeInIndex = 1; lastKnownFileType = text.xcconfig; name = "Pods-Sketchnoting.debug.xcconfig"; path = "Target Support Files/Pods-Sketchnoting/Pods-Sketchnoting.debug.xcconfig"; sourceTree = "<group>"; };
		9DC8B7BD96FB5DF71C8C0CA0 /* Pods_Sketchnoting.framework */ = {isa = PBXFileReference; explicitFileType = wrapper.framework; includeInIndex = 0; path = Pods_Sketchnoting.framework; sourceTree = BUILT_PRODUCTS_DIR; };
		9F5010CB22491FC000425424 /* SketchnoteView.xib */ = {isa = PBXFileReference; lastKnownFileType = file.xib; path = SketchnoteView.xib; sourceTree = "<group>"; };
		9F5010CD22491FD000425424 /* SketchnoteView.swift */ = {isa = PBXFileReference; lastKnownFileType = sourcecode.swift; path = SketchnoteView.swift; sourceTree = "<group>"; };
		9F5010CF224930E400425424 /* NoteCollection.swift */ = {isa = PBXFileReference; lastKnownFileType = sourcecode.swift; path = NoteCollection.swift; sourceTree = "<group>"; };
		9F5010D12249325300425424 /* NoteCollectionView.xib */ = {isa = PBXFileReference; lastKnownFileType = file.xib; path = NoteCollectionView.xib; sourceTree = "<group>"; };
		9F5010D32249326D00425424 /* NoteCollectionView.swift */ = {isa = PBXFileReference; lastKnownFileType = sourcecode.swift; path = NoteCollectionView.swift; sourceTree = "<group>"; };
		9F5D0FC7229CBC4100BCA451 /* NotesManager.swift */ = {isa = PBXFileReference; lastKnownFileType = sourcecode.swift; path = NotesManager.swift; sourceTree = "<group>"; };
		9F5D8B2B228B9D7000F56FEC /* CREDITS.md */ = {isa = PBXFileReference; lastKnownFileType = net.daringfireball.markdown; path = CREDITS.md; sourceTree = "<group>"; };
		9F5D8B2C228B9EF800F56FEC /* README.md */ = {isa = PBXFileReference; lastKnownFileType = net.daringfireball.markdown; path = README.md; sourceTree = "<group>"; };
		9FA6238722CEA7FE007ED794 /* MapHelper.swift */ = {isa = PBXFileReference; lastKnownFileType = sourcecode.swift; path = MapHelper.swift; sourceTree = "<group>"; };
		9FA6238A22D37213007ED794 /* BioPortalHelper.swift */ = {isa = PBXFileReference; lastKnownFileType = sourcecode.swift; path = BioPortalHelper.swift; sourceTree = "<group>"; };
		9FA6238C22D38AEE007ED794 /* SpotlightHelper.swift */ = {isa = PBXFileReference; lastKnownFileType = sourcecode.swift; path = SpotlightHelper.swift; sourceTree = "<group>"; };
		9FA6238E22DCD3AD007ED794 /* DocumentUICollectionViewCell.swift */ = {isa = PBXFileReference; lastKnownFileType = sourcecode.swift; path = DocumentUICollectionViewCell.swift; sourceTree = "<group>"; };
		9FA6239222DE30AC007ED794 /* SpotlightDocument.swift */ = {isa = PBXFileReference; lastKnownFileType = sourcecode.swift; path = SpotlightDocument.swift; sourceTree = "<group>"; };
		9FA6239422DE3741007ED794 /* BioPortalDocument.swift */ = {isa = PBXFileReference; lastKnownFileType = sourcecode.swift; path = BioPortalDocument.swift; sourceTree = "<group>"; };
		9FA6239622DE3806007ED794 /* CHEBIDocument.swift */ = {isa = PBXFileReference; lastKnownFileType = sourcecode.swift; path = CHEBIDocument.swift; sourceTree = "<group>"; };
		9FA6239B22E64EA2007ED794 /* TextData.swift */ = {isa = PBXFileReference; lastKnownFileType = sourcecode.swift; path = TextData.swift; sourceTree = "<group>"; };
		9FA6239D22E66D73007ED794 /* HandwritingRecognizer.swift */ = {isa = PBXFileReference; lastKnownFileType = sourcecode.swift; path = HandwritingRecognizer.swift; sourceTree = "<group>"; };
		9FA623A022E73DDA007ED794 /* NoteLoader.swift */ = {isa = PBXFileReference; lastKnownFileType = sourcecode.swift; path = NoteLoader.swift; sourceTree = "<group>"; };
		9FBF6AB322E9F391001FD730 /* VisionTextWrapper.swift */ = {isa = PBXFileReference; lastKnownFileType = sourcecode.swift; path = VisionTextWrapper.swift; sourceTree = "<group>"; };
		9FBF6AB522E9F3FE001FD730 /* VisionTextBlockWrapper.swift */ = {isa = PBXFileReference; lastKnownFileType = sourcecode.swift; path = VisionTextBlockWrapper.swift; sourceTree = "<group>"; };
		9FBF6AB722E9F428001FD730 /* VisionTextLineWrapper.swift */ = {isa = PBXFileReference; lastKnownFileType = sourcecode.swift; path = VisionTextLineWrapper.swift; sourceTree = "<group>"; };
		9FBF6AB922E9F439001FD730 /* VisionTextElementWrapper.swift */ = {isa = PBXFileReference; lastKnownFileType = sourcecode.swift; path = VisionTextElementWrapper.swift; sourceTree = "<group>"; };
		9FC788F1225CEC230074BD16 /* DrawingSearchView.xib */ = {isa = PBXFileReference; lastKnownFileType = file.xib; path = DrawingSearchView.xib; sourceTree = "<group>"; };
		9FC788F3225CEC4C0074BD16 /* DrawingSearchView.swift */ = {isa = PBXFileReference; lastKnownFileType = sourcecode.swift; path = DrawingSearchView.swift; sourceTree = "<group>"; };
		9FD29BA32220524D00CC969A /* Sketchnoting.app */ = {isa = PBXFileReference; explicitFileType = wrapper.application; includeInIndex = 0; path = Sketchnoting.app; sourceTree = BUILT_PRODUCTS_DIR; };
		9FD29BA62220524D00CC969A /* AppDelegate.swift */ = {isa = PBXFileReference; lastKnownFileType = sourcecode.swift; path = AppDelegate.swift; sourceTree = "<group>"; };
		9FD29BA82220524D00CC969A /* ViewController.swift */ = {isa = PBXFileReference; lastKnownFileType = sourcecode.swift; path = ViewController.swift; sourceTree = "<group>"; };
		9FD29BAB2220524D00CC969A /* Base */ = {isa = PBXFileReference; lastKnownFileType = file.storyboard; name = Base; path = Base.lproj/Main.storyboard; sourceTree = "<group>"; };
		9FD29BAD2220525000CC969A /* Assets.xcassets */ = {isa = PBXFileReference; lastKnownFileType = folder.assetcatalog; path = Assets.xcassets; sourceTree = "<group>"; };
		9FD29BB02220525000CC969A /* Base */ = {isa = PBXFileReference; lastKnownFileType = file.storyboard; name = Base; path = Base.lproj/LaunchScreen.storyboard; sourceTree = "<group>"; };
		9FD29BB22220525000CC969A /* Info.plist */ = {isa = PBXFileReference; lastKnownFileType = text.plist.xml; path = Info.plist; sourceTree = "<group>"; };
		9FD29BC422249D9500CC969A /* Note.swift */ = {isa = PBXFileReference; lastKnownFileType = sourcecode.swift; path = Note.swift; sourceTree = "<group>"; };
		9FD29BC62224B58600CC969A /* Document.swift */ = {isa = PBXFileReference; lastKnownFileType = sourcecode.swift; path = Document.swift; sourceTree = "<group>"; };
		9FD29BCA2224B89800CC969A /* Sketchnote.swift */ = {isa = PBXFileReference; lastKnownFileType = sourcecode.swift; path = Sketchnote.swift; sourceTree = "<group>"; };
		9FD29C182236DCFC00CC969A /* SketchNoteViewController.swift */ = {isa = PBXFileReference; lastKnownFileType = sourcecode.swift; path = SketchNoteViewController.swift; sourceTree = "<group>"; };
		9FD29C1B2236EA2800CC969A /* SketchTool.swift */ = {isa = PBXFileReference; fileEncoding = 4; lastKnownFileType = sourcecode.swift; path = SketchTool.swift; sourceTree = "<group>"; };
		9FD29C1C2236EA2800CC969A /* SketchView.swift */ = {isa = PBXFileReference; fileEncoding = 4; lastKnownFileType = sourcecode.swift; path = SketchView.swift; sourceTree = "<group>"; };
		9FD29C1D2236EA2800CC969A /* UIImage+fill.swift */ = {isa = PBXFileReference; fileEncoding = 4; lastKnownFileType = sourcecode.swift; path = "UIImage+fill.swift"; sourceTree = "<group>"; };
		9FD29C332237FD2B00CC969A /* GMStepper.swift */ = {isa = PBXFileReference; lastKnownFileType = sourcecode.swift; path = GMStepper.swift; sourceTree = "<group>"; };
		9FD29C352238539200CC969A /* PhotoRequestManager.swift */ = {isa = PBXFileReference; lastKnownFileType = sourcecode.swift; path = PhotoRequestManager.swift; sourceTree = "<group>"; };
		9FD29C37223853C300CC969A /* PhotoAuthorization.swift */ = {isa = PBXFileReference; lastKnownFileType = sourcecode.swift; path = PhotoAuthorization.swift; sourceTree = "<group>"; };
		9FD29C3B223861E000CC969A /* ExpandableButtonItem.swift */ = {isa = PBXFileReference; fileEncoding = 4; lastKnownFileType = sourcecode.swift; path = ExpandableButtonItem.swift; sourceTree = "<group>"; };
		9FD29C3C223861E000CC969A /* ExpandableButtonView.swift */ = {isa = PBXFileReference; fileEncoding = 4; lastKnownFileType = sourcecode.swift; path = ExpandableButtonView.swift; sourceTree = "<group>"; };
		9FD29C3D223861E000CC969A /* ArrowButton.swift */ = {isa = PBXFileReference; fileEncoding = 4; lastKnownFileType = sourcecode.swift; path = ArrowButton.swift; sourceTree = "<group>"; };
		9FD29C3E223861E100CC969A /* ActionButton.swift */ = {isa = PBXFileReference; fileEncoding = 4; lastKnownFileType = sourcecode.swift; path = ActionButton.swift; sourceTree = "<group>"; };
		9FD29C432239525900CC969A /* GoogleService-Info.plist */ = {isa = PBXFileReference; fileEncoding = 4; lastKnownFileType = text.plist.xml; path = "GoogleService-Info.plist"; sourceTree = "<group>"; };
		9FD29C462239588E00CC969A /* UIViewExtensions.swift */ = {isa = PBXFileReference; lastKnownFileType = sourcecode.swift; path = UIViewExtensions.swift; sourceTree = "<group>"; };
		9FD29C4D223998BC00CC969A /* UIViewControllerExtensions.swift */ = {isa = PBXFileReference; lastKnownFileType = sourcecode.swift; path = UIViewControllerExtensions.swift; sourceTree = "<group>"; };
		9FD29C53223C3B6F00CC969A /* OCRHelper.swift */ = {isa = PBXFileReference; lastKnownFileType = sourcecode.swift; path = OCRHelper.swift; sourceTree = "<group>"; };
		9FD29C55223C3C3900CC969A /* StringExtensions.swift */ = {isa = PBXFileReference; lastKnownFileType = sourcecode.swift; path = StringExtensions.swift; sourceTree = "<group>"; };
		9FD29C57223C3CF700CC969A /* UIImageExtensions.swift */ = {isa = PBXFileReference; lastKnownFileType = sourcecode.swift; path = UIImageExtensions.swift; sourceTree = "<group>"; };
		9FD29C6322431BFA00CC969A /* DrawnImageClassifier.mlmodel */ = {isa = PBXFileReference; lastKnownFileType = file.mlmodel; path = DrawnImageClassifier.mlmodel; sourceTree = "<group>"; };
		9FD29C6522431C0000CC969A /* labels.txt */ = {isa = PBXFileReference; fileEncoding = 4; lastKnownFileType = text; path = labels.txt; sourceTree = "<group>"; };
		9FD9BD0F22678D41007F4A2D /* NoteShareView.xib */ = {isa = PBXFileReference; lastKnownFileType = file.xib; path = NoteShareView.xib; sourceTree = "<group>"; };
		9FD9BD1322678D79007F4A2D /* NoteShareView.swift */ = {isa = PBXFileReference; lastKnownFileType = sourcecode.swift; path = NoteShareView.swift; sourceTree = "<group>"; };
/* End PBXFileReference section */

/* Begin PBXFrameworksBuildPhase section */
		9FD29BA02220524D00CC969A /* Frameworks */ = {
			isa = PBXFrameworksBuildPhase;
			buildActionMask = 2147483647;
			files = (
				9FD29C392238571700CC969A /* Pods_Sketchnoting.framework in Frameworks */,
			);
			runOnlyForDeploymentPostprocessing = 0;
		};
/* End PBXFrameworksBuildPhase section */

/* Begin PBXGroup section */
		04894B1DC0E872292CA59A2C /* Pods */ = {
			isa = PBXGroup;
			children = (
				8703F8178351837A9DB23A40 /* Pods-Sketchnoting.debug.xcconfig */,
				3866EAD96654DEBC2DCDFB3E /* Pods-Sketchnoting.release.xcconfig */,
			);
			path = Pods;
			sourceTree = "<group>";
		};
		124769D1803E7C4AE8A1F382 /* Frameworks */ = {
			isa = PBXGroup;
			children = (
				9DC8B7BD96FB5DF71C8C0CA0 /* Pods_Sketchnoting.framework */,
			);
			name = Frameworks;
			sourceTree = "<group>";
		};
		9F5010CA22491F8900425424 /* Views */ = {
			isa = PBXGroup;
			children = (
				9F5010CB22491FC000425424 /* SketchnoteView.xib */,
				9F5010CD22491FD000425424 /* SketchnoteView.swift */,
				9F5010D12249325300425424 /* NoteCollectionView.xib */,
				9F5010D32249326D00425424 /* NoteCollectionView.swift */,
				9FC788F1225CEC230074BD16 /* DrawingSearchView.xib */,
				9FC788F3225CEC4C0074BD16 /* DrawingSearchView.swift */,
				9FD9BD0F22678D41007F4A2D /* NoteShareView.xib */,
				9FD9BD1322678D79007F4A2D /* NoteShareView.swift */,
				9FA6238E22DCD3AD007ED794 /* DocumentUICollectionViewCell.swift */,
			);
			path = Views;
			sourceTree = "<group>";
		};
		9F5D0FC6229CBC2A00BCA451 /* Models */ = {
			isa = PBXGroup;
			children = (
				9F5D0FC7229CBC4100BCA451 /* NotesManager.swift */,
				9FA623A022E73DDA007ED794 /* NoteLoader.swift */,
			);
			path = Models;
			sourceTree = "<group>";
		};
		9FA6238922D371F1007ED794 /* Semantic Annotation */ = {
			isa = PBXGroup;
			children = (
				9FA6239922DE3ACD007ED794 /* BioPortal */,
				9FA6239822DE3AC0007ED794 /* Spotlight */,
			);
			path = "Semantic Annotation";
			sourceTree = "<group>";
		};
		9FA6239822DE3AC0007ED794 /* Spotlight */ = {
			isa = PBXGroup;
			children = (
				9FA6238C22D38AEE007ED794 /* SpotlightHelper.swift */,
				9FA6238722CEA7FE007ED794 /* MapHelper.swift */,
			);
			path = Spotlight;
			sourceTree = "<group>";
		};
		9FA6239922DE3ACD007ED794 /* BioPortal */ = {
			isa = PBXGroup;
			children = (
				9FA6238A22D37213007ED794 /* BioPortalHelper.swift */,
			);
			path = BioPortal;
			sourceTree = "<group>";
		};
		9FA6239A22DE3ADB007ED794 /* Documents */ = {
			isa = PBXGroup;
			children = (
				9FD29BC62224B58600CC969A /* Document.swift */,
				9FA6239222DE30AC007ED794 /* SpotlightDocument.swift */,
				9FA6239422DE3741007ED794 /* BioPortalDocument.swift */,
				9FA6239622DE3806007ED794 /* CHEBIDocument.swift */,
			);
			path = Documents;
			sourceTree = "<group>";
		};
		9FA6239F22E66D92007ED794 /* Handwriting Recognition */ = {
			isa = PBXGroup;
			children = (
				9FA6239D22E66D73007ED794 /* HandwritingRecognizer.swift */,
				9FD29C53223C3B6F00CC969A /* OCRHelper.swift */,
			);
			path = "Handwriting Recognition";
			sourceTree = "<group>";
		};
		9FBF6ABB22EA1D0D001FD730 /* Handwriting Recognition */ = {
			isa = PBXGroup;
			children = (
				9FA6239B22E64EA2007ED794 /* TextData.swift */,
				9FBF6AB322E9F391001FD730 /* VisionTextWrapper.swift */,
				9FBF6AB522E9F3FE001FD730 /* VisionTextBlockWrapper.swift */,
				9FBF6AB722E9F428001FD730 /* VisionTextLineWrapper.swift */,
				9FBF6AB922E9F439001FD730 /* VisionTextElementWrapper.swift */,
			);
			path = "Handwriting Recognition";
			sourceTree = "<group>";
		};
		9FD29B9A2220524D00CC969A = {
			isa = PBXGroup;
			children = (
				9FD29BA52220524D00CC969A /* Sketchnoting */,
				9FD29BA42220524D00CC969A /* Products */,
				124769D1803E7C4AE8A1F382 /* Frameworks */,
				04894B1DC0E872292CA59A2C /* Pods */,
			);
			sourceTree = "<group>";
		};
		9FD29BA42220524D00CC969A /* Products */ = {
			isa = PBXGroup;
			children = (
				9FD29BA32220524D00CC969A /* Sketchnoting.app */,
			);
			name = Products;
			sourceTree = "<group>";
		};
		9FD29BA52220524D00CC969A /* Sketchnoting */ = {
			isa = PBXGroup;
			children = (
				9FD29BB22220525000CC969A /* Info.plist */,
				9FD29C432239525900CC969A /* GoogleService-Info.plist */,
				9FD29BA62220524D00CC969A /* AppDelegate.swift */,
				9FD29BAF2220525000CC969A /* LaunchScreen.storyboard */,
				9FD29BAA2220524D00CC969A /* Main.storyboard */,
				9FD29BAD2220525000CC969A /* Assets.xcassets */,
				9FD29C67224589BE00CC969A /* Application */,
				9FD29C6222431BDD00CC969A /* DrawingRecognition */,
				9FD29C452239587D00CC969A /* Extensions */,
				9FD29C3A223861D200CC969A /* ExpandableButton */,
				9FD29C322237FD1600CC969A /* GMStepper */,
				9FD29C1A2236EA1700CC969A /* Sketch */,
				9F5D8B2B228B9D7000F56FEC /* CREDITS.md */,
				9F5D8B2C228B9EF800F56FEC /* README.md */,
			);
			path = Sketchnoting;
			sourceTree = "<group>";
		};
		9FD29C1A2236EA1700CC969A /* Sketch */ = {
			isa = PBXGroup;
			children = (
				9FD29C1B2236EA2800CC969A /* SketchTool.swift */,
				9FD29C1C2236EA2800CC969A /* SketchView.swift */,
				9FD29C1D2236EA2800CC969A /* UIImage+fill.swift */,
				9FD29C352238539200CC969A /* PhotoRequestManager.swift */,
				9FD29C37223853C300CC969A /* PhotoAuthorization.swift */,
			);
			path = Sketch;
			sourceTree = "<group>";
		};
		9FD29C322237FD1600CC969A /* GMStepper */ = {
			isa = PBXGroup;
			children = (
				9FD29C332237FD2B00CC969A /* GMStepper.swift */,
			);
			path = GMStepper;
			sourceTree = "<group>";
		};
		9FD29C3A223861D200CC969A /* ExpandableButton */ = {
			isa = PBXGroup;
			children = (
				9FD29C3E223861E100CC969A /* ActionButton.swift */,
				9FD29C3D223861E000CC969A /* ArrowButton.swift */,
				9FD29C3B223861E000CC969A /* ExpandableButtonItem.swift */,
				9FD29C3C223861E000CC969A /* ExpandableButtonView.swift */,
			);
			path = ExpandableButton;
			sourceTree = "<group>";
		};
		9FD29C452239587D00CC969A /* Extensions */ = {
			isa = PBXGroup;
			children = (
				9FD29C462239588E00CC969A /* UIViewExtensions.swift */,
				9FD29C4D223998BC00CC969A /* UIViewControllerExtensions.swift */,
				9FD29C55223C3C3900CC969A /* StringExtensions.swift */,
				9FD29C57223C3CF700CC969A /* UIImageExtensions.swift */,
			);
			path = Extensions;
			sourceTree = "<group>";
		};
		9FD29C6222431BDD00CC969A /* DrawingRecognition */ = {
			isa = PBXGroup;
			children = (
				9FD29C6322431BFA00CC969A /* DrawnImageClassifier.mlmodel */,
				9FD29C6522431C0000CC969A /* labels.txt */,
			);
			path = DrawingRecognition;
			sourceTree = "<group>";
		};
		9FD29C67224589BE00CC969A /* Application */ = {
			isa = PBXGroup;
			children = (
				9F5010CA22491F8900425424 /* Views */,
				9FD29C69224589FE00CC969A /* Helpers */,
				9FD29C68224589DA00CC969A /* Data */,
				9FD29BA82220524D00CC969A /* ViewController.swift */,
				9FD29C182236DCFC00CC969A /* SketchNoteViewController.swift */,
			);
			path = Application;
			sourceTree = "<group>";
		};
		9FD29C68224589DA00CC969A /* Data */ = {
			isa = PBXGroup;
			children = (
				9FBF6ABB22EA1D0D001FD730 /* Handwriting Recognition */,
				9FA6239A22DE3ADB007ED794 /* Documents */,
				9F5D0FC6229CBC2A00BCA451 /* Models */,
				9FD29BC422249D9500CC969A /* Note.swift */,
				9FD29BCA2224B89800CC969A /* Sketchnote.swift */,
				9F5010CF224930E400425424 /* NoteCollection.swift */,
			);
			path = Data;
			sourceTree = "<group>";
		};
		9FD29C69224589FE00CC969A /* Helpers */ = {
			isa = PBXGroup;
			children = (
				9FA6239F22E66D92007ED794 /* Handwriting Recognition */,
				9FA6238922D371F1007ED794 /* Semantic Annotation */,
			);
			path = Helpers;
			sourceTree = "<group>";
		};
/* End PBXGroup section */

/* Begin PBXNativeTarget section */
		9FD29BA22220524D00CC969A /* Sketchnoting */ = {
			isa = PBXNativeTarget;
			buildConfigurationList = 9FD29BB52220525000CC969A /* Build configuration list for PBXNativeTarget "Sketchnoting" */;
			buildPhases = (
				76AF5EC1F5285F1B32A711B9 /* [CP] Check Pods Manifest.lock */,
				9FD29B9F2220524D00CC969A /* Sources */,
				9FD29BA02220524D00CC969A /* Frameworks */,
				9FD29BA12220524D00CC969A /* Resources */,
				1B37628CDE3140951BF90E39 /* [CP] Embed Pods Frameworks */,
				7BA25DAC743874BAA4E9C5AC /* [CP] Copy Pods Resources */,
			);
			buildRules = (
			);
			dependencies = (
			);
			name = Sketchnoting;
			productName = Sketchnoting;
			productReference = 9FD29BA32220524D00CC969A /* Sketchnoting.app */;
			productType = "com.apple.product-type.application";
		};
/* End PBXNativeTarget section */

/* Begin PBXProject section */
		9FD29B9B2220524D00CC969A /* Project object */ = {
			isa = PBXProject;
			attributes = {
				LastSwiftUpdateCheck = 1010;
				LastUpgradeCheck = 1010;
				ORGANIZATIONNAME = Aryobarzan;
				TargetAttributes = {
					9FD29BA22220524D00CC969A = {
						CreatedOnToolsVersion = 10.1;
						LastSwiftMigration = 1020;
					};
				};
			};
			buildConfigurationList = 9FD29B9E2220524D00CC969A /* Build configuration list for PBXProject "Sketchnoting" */;
			compatibilityVersion = "Xcode 9.3";
			developmentRegion = en;
			hasScannedForEncodings = 0;
			knownRegions = (
				en,
				Base,
			);
			mainGroup = 9FD29B9A2220524D00CC969A;
			productRefGroup = 9FD29BA42220524D00CC969A /* Products */;
			projectDirPath = "";
			projectRoot = "";
			targets = (
				9FD29BA22220524D00CC969A /* Sketchnoting */,
			);
		};
/* End PBXProject section */

/* Begin PBXResourcesBuildPhase section */
		9FD29BA12220524D00CC969A /* Resources */ = {
			isa = PBXResourcesBuildPhase;
			buildActionMask = 2147483647;
			files = (
				9F5010D22249325300425424 /* NoteCollectionView.xib in Resources */,
				9FD29C442239525A00CC969A /* GoogleService-Info.plist in Resources */,
				9FD9BD1022678D41007F4A2D /* NoteShareView.xib in Resources */,
				9FD29BB12220525000CC969A /* LaunchScreen.storyboard in Resources */,
				9FD29BAE2220525000CC969A /* Assets.xcassets in Resources */,
				9FD29BAC2220524D00CC969A /* Main.storyboard in Resources */,
				9FD29C6622431C0000CC969A /* labels.txt in Resources */,
				9F5010CC22491FC000425424 /* SketchnoteView.xib in Resources */,
				9FC788F2225CEC230074BD16 /* DrawingSearchView.xib in Resources */,
			);
			runOnlyForDeploymentPostprocessing = 0;
		};
/* End PBXResourcesBuildPhase section */

/* Begin PBXShellScriptBuildPhase section */
		1B37628CDE3140951BF90E39 /* [CP] Embed Pods Frameworks */ = {
			isa = PBXShellScriptBuildPhase;
			buildActionMask = 2147483647;
			files = (
			);
			inputFileListPaths = (
				"${PODS_ROOT}/Target Support Files/Pods-Sketchnoting/Pods-Sketchnoting-frameworks-${CONFIGURATION}-input-files.xcfilelist",
			);
			name = "[CP] Embed Pods Frameworks";
			outputFileListPaths = (
				"${PODS_ROOT}/Target Support Files/Pods-Sketchnoting/Pods-Sketchnoting-frameworks-${CONFIGURATION}-output-files.xcfilelist",
			);
			runOnlyForDeploymentPostprocessing = 0;
			shellPath = /bin/sh;
			shellScript = "\"${PODS_ROOT}/Target Support Files/Pods-Sketchnoting/Pods-Sketchnoting-frameworks.sh\"\n";
			showEnvVarsInLog = 0;
		};
		76AF5EC1F5285F1B32A711B9 /* [CP] Check Pods Manifest.lock */ = {
			isa = PBXShellScriptBuildPhase;
			buildActionMask = 2147483647;
			files = (
			);
			inputFileListPaths = (
			);
			inputPaths = (
				"${PODS_PODFILE_DIR_PATH}/Podfile.lock",
				"${PODS_ROOT}/Manifest.lock",
			);
			name = "[CP] Check Pods Manifest.lock";
			outputFileListPaths = (
			);
			outputPaths = (
				"$(DERIVED_FILE_DIR)/Pods-Sketchnoting-checkManifestLockResult.txt",
			);
			runOnlyForDeploymentPostprocessing = 0;
			shellPath = /bin/sh;
			shellScript = "diff \"${PODS_PODFILE_DIR_PATH}/Podfile.lock\" \"${PODS_ROOT}/Manifest.lock\" > /dev/null\nif [ $? != 0 ] ; then\n    # print error to STDERR\n    echo \"error: The sandbox is not in sync with the Podfile.lock. Run 'pod install' or update your CocoaPods installation.\" >&2\n    exit 1\nfi\n# This output is used by Xcode 'outputs' to avoid re-running this script phase.\necho \"SUCCESS\" > \"${SCRIPT_OUTPUT_FILE_0}\"\n";
			showEnvVarsInLog = 0;
		};
		7BA25DAC743874BAA4E9C5AC /* [CP] Copy Pods Resources */ = {
			isa = PBXShellScriptBuildPhase;
			buildActionMask = 2147483647;
			files = (
			);
			inputFileListPaths = (
				"${PODS_ROOT}/Target Support Files/Pods-Sketchnoting/Pods-Sketchnoting-resources-${CONFIGURATION}-input-files.xcfilelist",
			);
			name = "[CP] Copy Pods Resources";
			outputFileListPaths = (
				"${PODS_ROOT}/Target Support Files/Pods-Sketchnoting/Pods-Sketchnoting-resources-${CONFIGURATION}-output-files.xcfilelist",
			);
			runOnlyForDeploymentPostprocessing = 0;
			shellPath = /bin/sh;
			shellScript = "\"${PODS_ROOT}/Target Support Files/Pods-Sketchnoting/Pods-Sketchnoting-resources.sh\"\n";
			showEnvVarsInLog = 0;
		};
/* End PBXShellScriptBuildPhase section */

/* Begin PBXSourcesBuildPhase section */
		9FD29B9F2220524D00CC969A /* Sources */ = {
			isa = PBXSourcesBuildPhase;
			buildActionMask = 2147483647;
			files = (
				9FD9BD1422678D79007F4A2D /* NoteShareView.swift in Sources */,
				9FD29C3F223861E100CC969A /* ExpandableButtonItem.swift in Sources */,
				9FA6238B22D37213007ED794 /* BioPortalHelper.swift in Sources */,
				9FA6239322DE30AC007ED794 /* SpotlightDocument.swift in Sources */,
				9FD29C58223C3CF700CC969A /* UIImageExtensions.swift in Sources */,
				9FD29C192236DCFC00CC969A /* SketchNoteViewController.swift in Sources */,
				9F5010D42249326D00425424 /* NoteCollectionView.swift in Sources */,
				9FA6238822CEA7FE007ED794 /* MapHelper.swift in Sources */,
				9FD29C202236EA2800CC969A /* UIImage+fill.swift in Sources */,
				9FD29C40223861E100CC969A /* ExpandableButtonView.swift in Sources */,
				9FA6239522DE3741007ED794 /* BioPortalDocument.swift in Sources */,
				9FD29BA92220524D00CC969A /* ViewController.swift in Sources */,
				9FA6239722DE3806007ED794 /* CHEBIDocument.swift in Sources */,
				9FA623A122E73DDA007ED794 /* NoteLoader.swift in Sources */,
				9FD29BA72220524D00CC969A /* AppDelegate.swift in Sources */,
				9FD29C6422431BFA00CC969A /* DrawnImageClassifier.mlmodel in Sources */,
				9FA6239C22E64EA2007ED794 /* TextData.swift in Sources */,
				9FD29C362238539200CC969A /* PhotoRequestManager.swift in Sources */,
				9FD29C342237FD2B00CC969A /* GMStepper.swift in Sources */,
				9F5010D0224930E400425424 /* NoteCollection.swift in Sources */,
				9FD29C56223C3C3900CC969A /* StringExtensions.swift in Sources */,
				9FD29C4E223998BC00CC969A /* UIViewControllerExtensions.swift in Sources */,
				9FD29C472239588E00CC969A /* UIViewExtensions.swift in Sources */,
				9FBF6AB822E9F428001FD730 /* VisionTextLineWrapper.swift in Sources */,
				9FD29C1F2236EA2800CC969A /* SketchView.swift in Sources */,
				9F5010CE22491FD000425424 /* SketchnoteView.swift in Sources */,
				9FD29C42223861E100CC969A /* ActionButton.swift in Sources */,
				9FD29C38223853C300CC969A /* PhotoAuthorization.swift in Sources */,
				9F5D0FC8229CBC4100BCA451 /* NotesManager.swift in Sources */,
				9FA6238F22DCD3AD007ED794 /* DocumentUICollectionViewCell.swift in Sources */,
				9FC788F4225CEC4C0074BD16 /* DrawingSearchView.swift in Sources */,
				9FBF6AB422E9F391001FD730 /* VisionTextWrapper.swift in Sources */,
				9FD29C54223C3B6F00CC969A /* OCRHelper.swift in Sources */,
				9FD29BC522249D9500CC969A /* Note.swift in Sources */,
				9FBF6ABA22E9F439001FD730 /* VisionTextElementWrapper.swift in Sources */,
				9FD29C41223861E100CC969A /* ArrowButton.swift in Sources */,
				9FD29C1E2236EA2800CC969A /* SketchTool.swift in Sources */,
				9FD29BC72224B58600CC969A /* Document.swift in Sources */,
				9FBF6AB622E9F3FE001FD730 /* VisionTextBlockWrapper.swift in Sources */,
				9FA6239E22E66D73007ED794 /* HandwritingRecognizer.swift in Sources */,
				9FD29BCB2224B89800CC969A /* Sketchnote.swift in Sources */,
				9FA6238D22D38AEE007ED794 /* SpotlightHelper.swift in Sources */,
			);
			runOnlyForDeploymentPostprocessing = 0;
		};
/* End PBXSourcesBuildPhase section */

/* Begin PBXVariantGroup section */
		9FD29BAA2220524D00CC969A /* Main.storyboard */ = {
			isa = PBXVariantGroup;
			children = (
				9FD29BAB2220524D00CC969A /* Base */,
			);
			name = Main.storyboard;
			sourceTree = "<group>";
		};
		9FD29BAF2220525000CC969A /* LaunchScreen.storyboard */ = {
			isa = PBXVariantGroup;
			children = (
				9FD29BB02220525000CC969A /* Base */,
			);
			name = LaunchScreen.storyboard;
			sourceTree = "<group>";
		};
/* End PBXVariantGroup section */

/* Begin XCBuildConfiguration section */
		9FD29BB32220525000CC969A /* Debug */ = {
			isa = XCBuildConfiguration;
			buildSettings = {
				ALWAYS_SEARCH_USER_PATHS = NO;
				CLANG_ANALYZER_NONNULL = YES;
				CLANG_ANALYZER_NUMBER_OBJECT_CONVERSION = YES_AGGRESSIVE;
				CLANG_CXX_LANGUAGE_STANDARD = "gnu++14";
				CLANG_CXX_LIBRARY = "libc++";
				CLANG_ENABLE_MODULES = YES;
				CLANG_ENABLE_OBJC_ARC = YES;
				CLANG_ENABLE_OBJC_WEAK = YES;
				CLANG_WARN_BLOCK_CAPTURE_AUTORELEASING = YES;
				CLANG_WARN_BOOL_CONVERSION = YES;
				CLANG_WARN_COMMA = YES;
				CLANG_WARN_CONSTANT_CONVERSION = YES;
				CLANG_WARN_DEPRECATED_OBJC_IMPLEMENTATIONS = YES;
				CLANG_WARN_DIRECT_OBJC_ISA_USAGE = YES_ERROR;
				CLANG_WARN_DOCUMENTATION_COMMENTS = YES;
				CLANG_WARN_EMPTY_BODY = YES;
				CLANG_WARN_ENUM_CONVERSION = YES;
				CLANG_WARN_INFINITE_RECURSION = YES;
				CLANG_WARN_INT_CONVERSION = YES;
				CLANG_WARN_NON_LITERAL_NULL_CONVERSION = YES;
				CLANG_WARN_OBJC_IMPLICIT_RETAIN_SELF = YES;
				CLANG_WARN_OBJC_LITERAL_CONVERSION = YES;
				CLANG_WARN_OBJC_ROOT_CLASS = YES_ERROR;
				CLANG_WARN_RANGE_LOOP_ANALYSIS = YES;
				CLANG_WARN_STRICT_PROTOTYPES = YES;
				CLANG_WARN_SUSPICIOUS_MOVE = YES;
				CLANG_WARN_UNGUARDED_AVAILABILITY = YES_AGGRESSIVE;
				CLANG_WARN_UNREACHABLE_CODE = YES;
				CLANG_WARN__DUPLICATE_METHOD_MATCH = YES;
				CODE_SIGN_IDENTITY = "iPhone Developer";
				COPY_PHASE_STRIP = NO;
				DEBUG_INFORMATION_FORMAT = dwarf;
				ENABLE_STRICT_OBJC_MSGSEND = YES;
				ENABLE_TESTABILITY = YES;
				GCC_C_LANGUAGE_STANDARD = gnu11;
				GCC_DYNAMIC_NO_PIC = NO;
				GCC_NO_COMMON_BLOCKS = YES;
				GCC_OPTIMIZATION_LEVEL = 0;
				GCC_PREPROCESSOR_DEFINITIONS = (
					"DEBUG=1",
					"$(inherited)",
				);
				GCC_WARN_64_TO_32_BIT_CONVERSION = YES;
				GCC_WARN_ABOUT_RETURN_TYPE = YES_ERROR;
				GCC_WARN_UNDECLARED_SELECTOR = YES;
				GCC_WARN_UNINITIALIZED_AUTOS = YES_AGGRESSIVE;
				GCC_WARN_UNUSED_FUNCTION = YES;
				GCC_WARN_UNUSED_VARIABLE = YES;
				IPHONEOS_DEPLOYMENT_TARGET = 12.1;
				MTL_ENABLE_DEBUG_INFO = INCLUDE_SOURCE;
				MTL_FAST_MATH = YES;
				ONLY_ACTIVE_ARCH = YES;
				SDKROOT = iphoneos;
				SWIFT_ACTIVE_COMPILATION_CONDITIONS = DEBUG;
				SWIFT_OPTIMIZATION_LEVEL = "-Onone";
			};
			name = Debug;
		};
		9FD29BB42220525000CC969A /* Release */ = {
			isa = XCBuildConfiguration;
			buildSettings = {
				ALWAYS_SEARCH_USER_PATHS = NO;
				CLANG_ANALYZER_NONNULL = YES;
				CLANG_ANALYZER_NUMBER_OBJECT_CONVERSION = YES_AGGRESSIVE;
				CLANG_CXX_LANGUAGE_STANDARD = "gnu++14";
				CLANG_CXX_LIBRARY = "libc++";
				CLANG_ENABLE_MODULES = YES;
				CLANG_ENABLE_OBJC_ARC = YES;
				CLANG_ENABLE_OBJC_WEAK = YES;
				CLANG_WARN_BLOCK_CAPTURE_AUTORELEASING = YES;
				CLANG_WARN_BOOL_CONVERSION = YES;
				CLANG_WARN_COMMA = YES;
				CLANG_WARN_CONSTANT_CONVERSION = YES;
				CLANG_WARN_DEPRECATED_OBJC_IMPLEMENTATIONS = YES;
				CLANG_WARN_DIRECT_OBJC_ISA_USAGE = YES_ERROR;
				CLANG_WARN_DOCUMENTATION_COMMENTS = YES;
				CLANG_WARN_EMPTY_BODY = YES;
				CLANG_WARN_ENUM_CONVERSION = YES;
				CLANG_WARN_INFINITE_RECURSION = YES;
				CLANG_WARN_INT_CONVERSION = YES;
				CLANG_WARN_NON_LITERAL_NULL_CONVERSION = YES;
				CLANG_WARN_OBJC_IMPLICIT_RETAIN_SELF = YES;
				CLANG_WARN_OBJC_LITERAL_CONVERSION = YES;
				CLANG_WARN_OBJC_ROOT_CLASS = YES_ERROR;
				CLANG_WARN_RANGE_LOOP_ANALYSIS = YES;
				CLANG_WARN_STRICT_PROTOTYPES = YES;
				CLANG_WARN_SUSPICIOUS_MOVE = YES;
				CLANG_WARN_UNGUARDED_AVAILABILITY = YES_AGGRESSIVE;
				CLANG_WARN_UNREACHABLE_CODE = YES;
				CLANG_WARN__DUPLICATE_METHOD_MATCH = YES;
				CODE_SIGN_IDENTITY = "iPhone Developer";
				COPY_PHASE_STRIP = NO;
				DEBUG_INFORMATION_FORMAT = "dwarf-with-dsym";
				ENABLE_NS_ASSERTIONS = NO;
				ENABLE_STRICT_OBJC_MSGSEND = YES;
				GCC_C_LANGUAGE_STANDARD = gnu11;
				GCC_NO_COMMON_BLOCKS = YES;
				GCC_WARN_64_TO_32_BIT_CONVERSION = YES;
				GCC_WARN_ABOUT_RETURN_TYPE = YES_ERROR;
				GCC_WARN_UNDECLARED_SELECTOR = YES;
				GCC_WARN_UNINITIALIZED_AUTOS = YES_AGGRESSIVE;
				GCC_WARN_UNUSED_FUNCTION = YES;
				GCC_WARN_UNUSED_VARIABLE = YES;
				IPHONEOS_DEPLOYMENT_TARGET = 12.1;
				MTL_ENABLE_DEBUG_INFO = NO;
				MTL_FAST_MATH = YES;
				SDKROOT = iphoneos;
				SWIFT_COMPILATION_MODE = wholemodule;
				SWIFT_OPTIMIZATION_LEVEL = "-O";
				VALIDATE_PRODUCT = YES;
			};
			name = Release;
		};
		9FD29BB62220525000CC969A /* Debug */ = {
			isa = XCBuildConfiguration;
			baseConfigurationReference = 8703F8178351837A9DB23A40 /* Pods-Sketchnoting.debug.xcconfig */;
			buildSettings = {
				ASSETCATALOG_COMPILER_APPICON_NAME = AppIcon;
				CODE_SIGN_IDENTITY = "iPhone Developer";
				CODE_SIGN_STYLE = Automatic;
				DEVELOPMENT_TEAM = 2HCVML6F73;
				FRAMEWORK_SEARCH_PATHS = (
					"$(inherited)",
					"$(PROJECT_DIR)",
				);
				INFOPLIST_FILE = Sketchnoting/Info.plist;
				IPHONEOS_DEPLOYMENT_TARGET = 12.4;
				LD_RUNPATH_SEARCH_PATHS = (
					"$(inherited)",
					"@executable_path/Frameworks",
				);
				PRODUCT_BUNDLE_IDENTIFIER = lu.uni.coast.Sketchnoting;
				PRODUCT_NAME = "$(TARGET_NAME)";
				PROVISIONING_PROFILE_SPECIFIER = "";
				SWIFT_OBJC_BRIDGING_HEADER = "";
				SWIFT_VERSION = 5.0;
				TARGETED_DEVICE_FAMILY = "1,2";
			};
			name = Debug;
		};
		9FD29BB72220525000CC969A /* Release */ = {
			isa = XCBuildConfiguration;
			baseConfigurationReference = 3866EAD96654DEBC2DCDFB3E /* Pods-Sketchnoting.release.xcconfig */;
			buildSettings = {
				ASSETCATALOG_COMPILER_APPICON_NAME = AppIcon;
				CODE_SIGN_IDENTITY = "iPhone Developer";
				CODE_SIGN_STYLE = Automatic;
				DEVELOPMENT_TEAM = 2HCVML6F73;
				FRAMEWORK_SEARCH_PATHS = (
					"$(inherited)",
					"$(PROJECT_DIR)",
				);
				INFOPLIST_FILE = Sketchnoting/Info.plist;
				IPHONEOS_DEPLOYMENT_TARGET = 12.4;
				LD_RUNPATH_SEARCH_PATHS = (
					"$(inherited)",
					"@executable_path/Frameworks",
				);
				PRODUCT_BUNDLE_IDENTIFIER = lu.uni.coast.Sketchnoting;
				PRODUCT_NAME = "$(TARGET_NAME)";
				PROVISIONING_PROFILE_SPECIFIER = "";
				SWIFT_OBJC_BRIDGING_HEADER = "";
				SWIFT_VERSION = 5.0;
				TARGETED_DEVICE_FAMILY = "1,2";
			};
			name = Release;
		};
/* End XCBuildConfiguration section */

/* Begin XCConfigurationList section */
		9FD29B9E2220524D00CC969A /* Build configuration list for PBXProject "Sketchnoting" */ = {
			isa = XCConfigurationList;
			buildConfigurations = (
				9FD29BB32220525000CC969A /* Debug */,
				9FD29BB42220525000CC969A /* Release */,
			);
			defaultConfigurationIsVisible = 0;
			defaultConfigurationName = Release;
		};
		9FD29BB52220525000CC969A /* Build configuration list for PBXNativeTarget "Sketchnoting" */ = {
			isa = XCConfigurationList;
			buildConfigurations = (
				9FD29BB62220525000CC969A /* Debug */,
				9FD29BB72220525000CC969A /* Release */,
			);
			defaultConfigurationIsVisible = 0;
			defaultConfigurationName = Release;
		};
/* End XCConfigurationList section */
	};
	rootObject = 9FD29B9B2220524D00CC969A /* Project object */;
}
